{
    "version": 4,
    "terraform_version": "1.7.5",
    "serial": 48,
    "lineage": "0de4aa98-b6aa-0647-7c52-792420ac7199",
    "outputs": {
      "rds-endpoint": {
        "value": "mk-rds-instance.cpigggem28ai.ap-northeast-1.rds.amazonaws.com:3306",
        "type": "string"
      },
      "web-alb-dns": {
        "value": "mk-alb-web-222692805.ap-northeast-1.elb.amazonaws.com",
        "type": "string"
      }
    },
    "resources": [
      {
        "mode": "data",
        "type": "aws_db_instance",
        "name": "my_rds",
        "provider": "provider[\"registry.terraform.io/hashicorp/aws\"]",
        "instances": [
          {
            "schema_version": 0,
            "attributes": {
              "address": "mk-rds-instance.cpigggem28ai.ap-northeast-1.rds.amazonaws.com",
              "allocated_storage": 10,
              "auto_minor_version_upgrade": true,
              "availability_zone": "ap-northeast-1c",
              "backup_retention_period": 0,
              "ca_cert_identifier": "rds-ca-rsa2048-g1",
              "db_cluster_identifier": "",
              "db_instance_arn": "arn:aws:rds:ap-northeast-1:381492154999:db:mk-rds-instance",
              "db_instance_class": "db.t3.micro",
              "db_instance_identifier": "mk-rds-instance",
              "db_instance_port": 0,
              "db_name": "mkdb",
              "db_parameter_groups": [
                "default.mysql5.7"
              ],
              "db_subnet_group": "mk-db-sub-grp",
              "enabled_cloudwatch_logs_exports": [],
              "endpoint": "mk-rds-instance.cpigggem28ai.ap-northeast-1.rds.amazonaws.com:3306",
              "engine": "mysql",
              "engine_version": "5.7.44",
              "hosted_zone_id": "Z24O6O9L7SGTNB",
              "id": "mk-rds-instance",
              "iops": 0,
              "kms_key_id": "",
              "license_model": "general-public-license",
              "master_user_secret": null,
              "master_username": "mk",
              "max_allocated_storage": 0,
              "monitoring_interval": 0,
              "monitoring_role_arn": "",
              "multi_az": true,
              "network_type": "IPV4",
              "option_group_memberships": [
                "default:mysql-5-7"
              ],
              "port": 3306,
              "preferred_backup_window": "13:32-14:02",
              "preferred_maintenance_window": "sun:17:35-sun:18:05",
              "publicly_accessible": false,
              "replicate_source_db": "",
              "resource_id": "db-FFNGAC4QFWMLJRTM35UFE3JMUE",
              "storage_encrypted": false,
              "storage_throughput": 0,
              "storage_type": "gp2",
              "tags": {},
              "timezone": "",
              "vpc_security_groups": [
                "sg-06c49d543265d1dba"
              ]
            },
            "sensitive_attributes": []
          }
        ]
      },
      {
        "mode": "data",
        "type": "aws_route53_zone",
        "name": "example",
        "provider": "provider[\"registry.terraform.io/hashicorp/aws\"]",
        "instances": [
          {
            "schema_version": 0,
            "attributes": {
              "arn": "arn:aws:route53:::hostedzone/Z08369372IKLHA5WC8MEC",
              "caller_reference": "195685d8-531f-4616-8f06-edd7e6b42cd2",
              "comment": "",
              "id": "Z08369372IKLHA5WC8MEC",
              "linked_service_description": null,
              "linked_service_principal": null,
              "name": "mkcloud.site",
              "name_servers": [
                "ns-600.awsdns-11.net",
                "ns-1169.awsdns-18.org",
                "ns-1704.awsdns-21.co.uk",
                "ns-490.awsdns-61.com"
              ],
              "primary_name_server": "ns-600.awsdns-11.net",
              "private_zone": false,
              "resource_record_set_count": 2,
              "tags": {
                "owner": "mk"
              },
              "vpc_id": null,
              "zone_id": "Z08369372IKLHA5WC8MEC"
            },
            "sensitive_attributes": []
          }
        ]
      },
      {
        "mode": "managed",
        "type": "aws_acm_certificate",
        "name": "example",
        "provider": "provider[\"registry.terraform.io/hashicorp/aws\"]",
        "instances": [
          {
            "schema_version": 0,
            "attributes": {
              "arn": "arn:aws:acm:ap-northeast-1:381492154999:certificate/d9fce92c-78a3-4daf-9625-69862ae2f864",
              "certificate_authority_arn": "",
              "certificate_body": null,
              "certificate_chain": null,
              "domain_name": "mkcloud.site",
              "domain_validation_options": [
                {
                  "domain_name": "mkcloud.site",
                  "resource_record_name": "_d7c6b30b80355e57200f5b5ded1c45a4.mkcloud.site.",
                  "resource_record_type": "CNAME",
                  "resource_record_value": "_2b4900d67c276ebedfd775fd29879b80.sdgjtdhdhz.acm-validations.aws."
                }
              ],
              "early_renewal_duration": "",
              "id": "arn:aws:acm:ap-northeast-1:381492154999:certificate/d9fce92c-78a3-4daf-9625-69862ae2f864",
              "key_algorithm": "RSA_2048",
              "not_after": "",
              "not_before": "",
              "options": [
                {
                  "certificate_transparency_logging_preference": "ENABLED"
                }
              ],
              "pending_renewal": false,
              "private_key": null,
              "renewal_eligibility": "INELIGIBLE",
              "renewal_summary": [],
              "status": "PENDING_VALIDATION",
              "subject_alternative_names": [
                "mkcloud.site"
              ],
              "tags": null,
              "tags_all": {},
              "type": "AMAZON_ISSUED",
              "validation_emails": [],
              "validation_method": "DNS",
              "validation_option": []
            },
            "sensitive_attributes": [],
            "private": "bnVsbA=="
          }
        ]
      },
      {
        "mode": "managed",
        "type": "aws_acm_certificate_validation",
        "name": "example",
        "provider": "provider[\"registry.terraform.io/hashicorp/aws\"]",
        "instances": [
          {
            "schema_version": 0,
            "attributes": {
              "certificate_arn": "arn:aws:acm:ap-northeast-1:381492154999:certificate/d9fce92c-78a3-4daf-9625-69862ae2f864",
              "id": "0001-01-01 00:00:00 +0000 UTC",
              "timeouts": null,
              "validation_record_fqdns": null
            },
            "sensitive_attributes": [],
            "private": "eyJlMmJmYjczMC1lY2FhLTExZTYtOGY4OC0zNDM2M2JjN2M0YzAiOnsiY3JlYXRlIjo0NTAwMDAwMDAwMDAwfX0=",
            "dependencies": [
              "aws_acm_certificate.example"
            ]
          }
        ]
      },
      {
        "mode": "managed",
        "type": "aws_autoscaling_group",
        "name": "asg-was",
        "provider": "provider[\"registry.terraform.io/hashicorp/aws\"]",
        "instances": [
          {
            "schema_version": 1,
            "attributes": {
              "arn": "arn:aws:autoscaling:ap-northeast-1:381492154999:autoScalingGroup:91174079-cb60-4ab0-9c1d-7dd57c49f057:autoScalingGroupName/mk-asg-was",
              "availability_zones": [
                "ap-northeast-1a",
                "ap-northeast-1c"
              ],
              "capacity_rebalance": false,
              "context": "",
              "default_cooldown": 300,
              "default_instance_warmup": 0,
              "desired_capacity": 2,
              "desired_capacity_type": "",
              "enabled_metrics": null,
              "force_delete": false,
              "force_delete_warm_pool": false,
              "health_check_grace_period": 300,
              "health_check_type": "EC2",
              "id": "mk-asg-was",
              "ignore_failed_scaling_activities": false,
              "initial_lifecycle_hook": [],
              "instance_maintenance_policy": [],
              "instance_refresh": [
                {
                  "preferences": [
                    {
                      "alarm_specification": [],
                      "auto_rollback": false,
                      "checkpoint_delay": "",
                      "checkpoint_percentages": null,
                      "instance_warmup": "",
                      "max_healthy_percentage": 100,
                      "min_healthy_percentage": 50,
                      "scale_in_protected_instances": "Ignore",
                      "skip_matching": false,
                      "standby_instances": "Ignore"
                    }
                  ],
                  "strategy": "Rolling",
                  "triggers": [
                    "tag"
                  ]
                }
              ],
              "launch_configuration": "",
              "launch_template": [
                {
                  "id": "lt-08cbc175360269714",
                  "name": "mk-launch-template-was",
                  "version": "1"
                }
              ],
              "load_balancers": [],
              "max_instance_lifetime": 0,
              "max_size": 4,
              "metrics_granularity": "1Minute",
              "min_elb_capacity": null,
              "min_size": 2,
              "mixed_instances_policy": [],
              "name": "mk-asg-was",
              "name_prefix": "",
              "placement_group": "",
              "predicted_capacity": 0,
              "protect_from_scale_in": false,
              "service_linked_role_arn": "arn:aws:iam::381492154999:role/aws-service-role/autoscaling.amazonaws.com/AWSServiceRoleForAutoScaling",
              "suspended_processes": null,
              "tag": [
                {
                  "key": "asg-app-Key",
                  "propagate_at_launch": true,
                  "value": "asg-app-Value"
                }
              ],
              "target_group_arns": [
                "arn:aws:elasticloadbalancing:ap-northeast-1:381492154999:targetgroup/mk-tg-was/e0db1741817f9eb6"
              ],
              "termination_policies": null,
              "timeouts": null,
              "traffic_source": [
                {
                  "identifier": "arn:aws:elasticloadbalancing:ap-northeast-1:381492154999:targetgroup/mk-tg-was/e0db1741817f9eb6",
                  "type": "elbv2"
                }
              ],
              "vpc_zone_identifier": [
                "subnet-08b63c66f756981d3",
                "subnet-0c124d655445b4e1e"
              ],
              "wait_for_capacity_timeout": "10m",
              "wait_for_elb_capacity": null,
              "warm_pool": [],
              "warm_pool_size": 0
            },
            "sensitive_attributes": [],
            "private": "eyJlMmJmYjczMC1lY2FhLTExZTYtOGY4OC0zNDM2M2JjN2M0YzAiOnsiZGVsZXRlIjo2MDAwMDAwMDAwMDAsInVwZGF0ZSI6NjAwMDAwMDAwMDAwfSwic2NoZW1hX3ZlcnNpb24iOiIxIn0=",
            "dependencies": [
              "aws_db_instance.rds-db",
              "aws_db_subnet_group.db-sub-grp",
              "aws_launch_template.template-was",
              "aws_lb_target_group.tg-was",
              "aws_security_group.alb-sg-was",
              "aws_security_group.alb-sg-web",
              "aws_security_group.asg-sg-was",
              "aws_security_group.asg-sg-web",
              "aws_security_group.db-sg",
              "aws_subnet.db-sub1",
              "aws_subnet.db-sub2",
              "aws_subnet.was-sub1",
              "aws_subnet.was-sub2",
              "aws_vpc.vpc",
              "data.aws_db_instance.my_rds"
            ]
          }
        ]
      },
      {
        "mode": "managed",
        "type": "aws_autoscaling_group",
        "name": "asg-web",
        "provider": "provider[\"registry.terraform.io/hashicorp/aws\"]",
        "instances": [
          {
            "schema_version": 1,
            "attributes": {
              "arn": "arn:aws:autoscaling:ap-northeast-1:381492154999:autoScalingGroup:1d7dc6f4-5dc0-48cc-aa04-4466647fd685:autoScalingGroupName/mk-asg-web",
              "availability_zones": [
                "ap-northeast-1a",
                "ap-northeast-1c"
              ],
              "capacity_rebalance": false,
              "context": "",
              "default_cooldown": 300,
              "default_instance_warmup": 0,
              "desired_capacity": 2,
              "desired_capacity_type": "",
              "enabled_metrics": null,
              "force_delete": false,
              "force_delete_warm_pool": false,
              "health_check_grace_period": 300,
              "health_check_type": "EC2",
              "id": "mk-asg-web",
              "ignore_failed_scaling_activities": false,
              "initial_lifecycle_hook": [],
              "instance_maintenance_policy": [],
              "instance_refresh": [
                {
                  "preferences": [
                    {
                      "alarm_specification": [],
                      "auto_rollback": false,
                      "checkpoint_delay": "",
                      "checkpoint_percentages": null,
                      "instance_warmup": "",
                      "max_healthy_percentage": 100,
                      "min_healthy_percentage": 50,
                      "scale_in_protected_instances": "Ignore",
                      "skip_matching": false,
                      "standby_instances": "Ignore"
                    }
                  ],
                  "strategy": "Rolling",
                  "triggers": [
                    "tag"
                  ]
                }
              ],
              "launch_configuration": "",
              "launch_template": [
                {
                  "id": "lt-0d16f0e9c8ebda5c5",
                  "name": "mk-launch-template-web",
                  "version": "1"
                }
              ],
              "load_balancers": [],
              "max_instance_lifetime": 0,
              "max_size": 4,
              "metrics_granularity": "1Minute",
              "min_elb_capacity": null,
              "min_size": 2,
              "mixed_instances_policy": [],
              "name": "mk-asg-web",
              "name_prefix": "",
              "placement_group": "",
              "predicted_capacity": 0,
              "protect_from_scale_in": false,
              "service_linked_role_arn": "arn:aws:iam::381492154999:role/aws-service-role/autoscaling.amazonaws.com/AWSServiceRoleForAutoScaling",
              "suspended_processes": null,
              "tag": [
                {
                  "key": "asg-web-key",
                  "propagate_at_launch": true,
                  "value": "asg-web-value"
                }
              ],
              "target_group_arns": [
                "arn:aws:elasticloadbalancing:ap-northeast-1:381492154999:targetgroup/mk-tg-web/927a9078f022587c"
              ],
              "termination_policies": null,
              "timeouts": null,
              "traffic_source": [
                {
                  "identifier": "arn:aws:elasticloadbalancing:ap-northeast-1:381492154999:targetgroup/mk-tg-web/927a9078f022587c",
                  "type": "elbv2"
                }
              ],
              "vpc_zone_identifier": [
                "subnet-048772721a3a085d8",
                "subnet-075fa02d201b1e9f4"
              ],
              "wait_for_capacity_timeout": "10m",
              "wait_for_elb_capacity": null,
              "warm_pool": [],
              "warm_pool_size": 0
            },
            "sensitive_attributes": [],
            "private": "eyJlMmJmYjczMC1lY2FhLTExZTYtOGY4OC0zNDM2M2JjN2M0YzAiOnsiZGVsZXRlIjo2MDAwMDAwMDAwMDAsInVwZGF0ZSI6NjAwMDAwMDAwMDAwfSwic2NoZW1hX3ZlcnNpb24iOiIxIn0=",
            "dependencies": [
              "aws_launch_template.template-web",
              "aws_lb.alb-was",
              "aws_lb.alb-web",
              "aws_lb_target_group.tg-web",
              "aws_security_group.alb-sg-was",
              "aws_security_group.alb-sg-web",
              "aws_security_group.asg-sg-web",
              "aws_subnet.pub-sub1",
              "aws_subnet.pub-sub2",
              "aws_subnet.was-sub1",
              "aws_subnet.was-sub2",
              "aws_subnet.web-sub1",
              "aws_subnet.web-sub2",
              "aws_vpc.vpc"
            ]
          }
        ]
      },
      {
        "mode": "managed",
        "type": "aws_db_instance",
        "name": "rds-db",
        "provider": "provider[\"registry.terraform.io/hashicorp/aws\"]",
        "instances": [
          {
            "schema_version": 2,
            "attributes": {
              "address": "mk-rds-instance.cpigggem28ai.ap-northeast-1.rds.amazonaws.com",
              "allocated_storage": 10,
              "allow_major_version_upgrade": null,
              "apply_immediately": false,
              "arn": "arn:aws:rds:ap-northeast-1:381492154999:db:mk-rds-instance",
              "auto_minor_version_upgrade": true,
              "availability_zone": "ap-northeast-1c",
              "backup_retention_period": 0,
              "backup_target": "region",
              "backup_window": "13:32-14:02",
              "blue_green_update": [],
              "ca_cert_identifier": "rds-ca-rsa2048-g1",
              "character_set_name": "",
              "copy_tags_to_snapshot": false,
              "custom_iam_instance_profile": "",
              "customer_owned_ip_enabled": false,
              "db_name": "mkdb",
              "db_subnet_group_name": "mk-db-sub-grp",
              "dedicated_log_volume": false,
              "delete_automated_backups": true,
              "deletion_protection": false,
              "domain": "",
              "domain_auth_secret_arn": "",
              "domain_dns_ips": null,
              "domain_fqdn": "",
              "domain_iam_role_name": "",
              "domain_ou": "",
              "enabled_cloudwatch_logs_exports": null,
              "endpoint": "mk-rds-instance.cpigggem28ai.ap-northeast-1.rds.amazonaws.com:3306",
              "engine": "mysql",
              "engine_version": "5.7",
              "engine_version_actual": "5.7.44",
              "final_snapshot_identifier": null,
              "hosted_zone_id": "Z24O6O9L7SGTNB",
              "iam_database_authentication_enabled": false,
              "id": "db-FFNGAC4QFWMLJRTM35UFE3JMUE",
              "identifier": "mk-rds-instance",
              "identifier_prefix": "",
              "instance_class": "db.t3.micro",
              "iops": 0,
              "kms_key_id": "",
              "latest_restorable_time": "",
              "license_model": "general-public-license",
              "listener_endpoint": [],
              "maintenance_window": "sun:17:35-sun:18:05",
              "manage_master_user_password": null,
              "master_user_secret": [],
              "master_user_secret_kms_key_id": null,
              "max_allocated_storage": 0,
              "monitoring_interval": 0,
              "monitoring_role_arn": "",
              "multi_az": true,
              "nchar_character_set_name": "",
              "network_type": "IPV4",
              "option_group_name": "default:mysql-5-7",
              "parameter_group_name": "default.mysql5.7",
              "password": "mk1234567890",
              "performance_insights_enabled": false,
              "performance_insights_kms_key_id": "",
              "performance_insights_retention_period": 0,
              "port": 3306,
              "publicly_accessible": false,
              "replica_mode": "",
              "replicas": [],
              "replicate_source_db": "",
              "resource_id": "db-FFNGAC4QFWMLJRTM35UFE3JMUE",
              "restore_to_point_in_time": [],
              "s3_import": [],
              "skip_final_snapshot": true,
              "snapshot_identifier": null,
              "status": "available",
              "storage_encrypted": false,
              "storage_throughput": 0,
              "storage_type": "gp2",
              "tags": null,
              "tags_all": {},
              "timeouts": null,
              "timezone": "",
              "username": "mk",
              "vpc_security_group_ids": [
                "sg-06c49d543265d1dba"
              ]
            },
            "sensitive_attributes": [],
            "private": "eyJlMmJmYjczMC1lY2FhLTExZTYtOGY4OC0zNDM2M2JjN2M0YzAiOnsiY3JlYXRlIjoyNDAwMDAwMDAwMDAwLCJkZWxldGUiOjM2MDAwMDAwMDAwMDAsInVwZGF0ZSI6NDgwMDAwMDAwMDAwMH0sInNjaGVtYV92ZXJzaW9uIjoiMiJ9",
            "dependencies": [
              "aws_db_subnet_group.db-sub-grp",
              "aws_security_group.alb-sg-was",
              "aws_security_group.alb-sg-web",
              "aws_security_group.asg-sg-was",
              "aws_security_group.asg-sg-web",
              "aws_security_group.db-sg",
              "aws_subnet.db-sub1",
              "aws_subnet.db-sub2",
              "aws_vpc.vpc"
            ]
          }
        ]
      },
      {
        "mode": "managed",
        "type": "aws_db_subnet_group",
        "name": "db-sub-grp",
        "provider": "provider[\"registry.terraform.io/hashicorp/aws\"]",
        "instances": [
          {
            "schema_version": 0,
            "attributes": {
              "arn": "arn:aws:rds:ap-northeast-1:381492154999:subgrp:mk-db-sub-grp",
              "description": "Managed by Terraform",
              "id": "mk-db-sub-grp",
              "name": "mk-db-sub-grp",
              "name_prefix": "",
              "subnet_ids": [
                "subnet-01a28ee7982d2ba20",
                "subnet-0fa8c4e55513f5f03"
              ],
              "supported_network_types": [
                "IPV4"
              ],
              "tags": {
                "Name": "mk-db-sub-grp"
              },
              "tags_all": {
                "Name": "mk-db-sub-grp"
              },
              "vpc_id": "vpc-0b73f3354cab1e45e"
            },
            "sensitive_attributes": [],
            "private": "bnVsbA==",
            "dependencies": [
              "aws_subnet.db-sub1",
              "aws_subnet.db-sub2",
              "aws_vpc.vpc"
            ]
          }
        ]
      },
      {
        "mode": "managed",
        "type": "aws_eip",
        "name": "eip1",
        "provider": "provider[\"registry.terraform.io/hashicorp/aws\"]",
        "instances": [
          {
            "schema_version": 0,
            "attributes": {
              "address": null,
              "allocation_id": "eipalloc-0b02af7a1f721e0f6",
              "arn": "arn:aws:ec2:ap-northeast-1:381492154999:elastic-ip/eipalloc-0b02af7a1f721e0f6",
              "associate_with_private_ip": null,
              "association_id": "",
              "carrier_ip": "",
              "customer_owned_ip": "",
              "customer_owned_ipv4_pool": "",
              "domain": "vpc",
              "id": "eipalloc-0b02af7a1f721e0f6",
              "instance": "",
              "network_border_group": "ap-northeast-1",
              "network_interface": "",
              "private_dns": null,
              "private_ip": "",
              "ptr_record": "",
              "public_dns": "ec2-35-72-232-94.ap-northeast-1.compute.amazonaws.com",
              "public_ip": "35.72.232.94",
              "public_ipv4_pool": "amazon",
              "tags": null,
              "tags_all": {},
              "timeouts": null,
              "vpc": true
            },
            "sensitive_attributes": [],
            "private": "eyJlMmJmYjczMC1lY2FhLTExZTYtOGY4OC0zNDM2M2JjN2M0YzAiOnsiZGVsZXRlIjoxODAwMDAwMDAwMDAsInJlYWQiOjkwMDAwMDAwMDAwMCwidXBkYXRlIjozMDAwMDAwMDAwMDB9fQ=="
          }
        ]
      },
      {
        "mode": "managed",
        "type": "aws_eip",
        "name": "eip2",
        "provider": "provider[\"registry.terraform.io/hashicorp/aws\"]",
        "instances": [
          {
            "schema_version": 0,
            "attributes": {
              "address": null,
              "allocation_id": "eipalloc-0b87cb31f5ca9f77e",
              "arn": "arn:aws:ec2:ap-northeast-1:381492154999:elastic-ip/eipalloc-0b87cb31f5ca9f77e",
              "associate_with_private_ip": null,
              "association_id": "",
              "carrier_ip": "",
              "customer_owned_ip": "",
              "customer_owned_ipv4_pool": "",
              "domain": "vpc",
              "id": "eipalloc-0b87cb31f5ca9f77e",
              "instance": "",
              "network_border_group": "ap-northeast-1",
              "network_interface": "",
              "private_dns": null,
              "private_ip": "",
              "ptr_record": "",
              "public_dns": "ec2-35-72-141-90.ap-northeast-1.compute.amazonaws.com",
              "public_ip": "35.72.141.90",
              "public_ipv4_pool": "amazon",
              "tags": null,
              "tags_all": {},
              "timeouts": null,
              "vpc": true
            },
            "sensitive_attributes": [],
            "private": "eyJlMmJmYjczMC1lY2FhLTExZTYtOGY4OC0zNDM2M2JjN2M0YzAiOnsiZGVsZXRlIjoxODAwMDAwMDAwMDAsInJlYWQiOjkwMDAwMDAwMDAwMCwidXBkYXRlIjozMDAwMDAwMDAwMDB9fQ=="
          }
        ]
      },
      {
        "mode": "managed",
        "type": "aws_internet_gateway",
        "name": "igw",
        "provider": "provider[\"registry.terraform.io/hashicorp/aws\"]",
        "instances": [
          {
            "schema_version": 0,
            "attributes": {
              "arn": "arn:aws:ec2:ap-northeast-1:381492154999:internet-gateway/igw-08c3927d8bd54fba6",
              "id": "igw-08c3927d8bd54fba6",
              "owner_id": "381492154999",
              "tags": {
                "Name": "mk-igw"
              },
              "tags_all": {
                "Name": "mk-igw"
              },
              "timeouts": null,
              "vpc_id": "vpc-0b73f3354cab1e45e"
            },
            "sensitive_attributes": [],
            "private": "eyJlMmJmYjczMC1lY2FhLTExZTYtOGY4OC0zNDM2M2JjN2M0YzAiOnsiY3JlYXRlIjoxMjAwMDAwMDAwMDAwLCJkZWxldGUiOjEyMDAwMDAwMDAwMDAsInVwZGF0ZSI6MTIwMDAwMDAwMDAwMH19",
            "dependencies": [
              "aws_vpc.vpc"
            ]
          }
        ]
      },
      {
        "mode": "managed",
        "type": "aws_launch_template",
        "name": "template-was",
        "provider": "provider[\"registry.terraform.io/hashicorp/aws\"]",
        "instances": [
          {
            "schema_version": 0,
            "attributes": {
              "arn": "arn:aws:ec2:ap-northeast-1:381492154999:launch-template/lt-08cbc175360269714",
              "block_device_mappings": [],
              "capacity_reservation_specification": [],
              "cpu_options": [],
              "credit_specification": [],
              "default_version": 1,
              "description": "",
              "disable_api_stop": false,
              "disable_api_termination": false,
              "ebs_optimized": "",
              "elastic_gpu_specifications": [],
              "elastic_inference_accelerator": [],
              "enclave_options": [],
              "hibernation_options": [],
              "iam_instance_profile": [],
              "id": "lt-08cbc175360269714",
              "image_id": "ami-02a405b3302affc24",
              "instance_initiated_shutdown_behavior": "",
              "instance_market_options": [],
              "instance_requirements": [],
              "instance_type": "t2.micro",
              "kernel_id": "",
              "key_name": "",
              "latest_version": 1,
              "license_specification": [],
              "maintenance_options": [],
              "metadata_options": [
                {
                  "http_endpoint": "enabled",
                  "http_protocol_ipv6": "",
                  "http_put_response_hop_limit": 1,
                  "http_tokens": "required",
                  "instance_metadata_tags": "enabled"
                }
              ],
              "monitoring": [],
              "name": "mk-launch-template-was",
              "name_prefix": "",
              "network_interfaces": [
                {
                  "associate_carrier_ip_address": "",
                  "associate_public_ip_address": "",
                  "delete_on_termination": "",
                  "description": "",
                  "device_index": 0,
                  "interface_type": "",
                  "ipv4_address_count": 0,
                  "ipv4_addresses": null,
                  "ipv4_prefix_count": 0,
                  "ipv4_prefixes": null,
                  "ipv6_address_count": 0,
                  "ipv6_addresses": null,
                  "ipv6_prefix_count": 0,
                  "ipv6_prefixes": null,
                  "network_card_index": 0,
                  "network_interface_id": "",
                  "private_ip_address": "",
                  "security_groups": [
                    "sg-08569c6a1985b69f0"
                  ],
                  "subnet_id": ""
                }
              ],
              "placement": [],
              "private_dns_name_options": [],
              "ram_disk_id": "",
              "security_group_names": null,
              "tag_specifications": [
                {
                  "resource_type": "instance",
                  "tags": {
                    "Name": "mk-was-instances"
                  }
                }
              ],
              "tags": null,
              "tags_all": {},
              "update_default_version": null,
              "user_data": "IyEvYmluL2Jhc2gKIyBVc2UgdGhpcyBmb3IgeW91ciB1c2VyIGRhdGEgKHNjcmlwdCBmcm9tIHRvcCB0byBib3R0b20pCiMgaW5zdGFsbCBuZ2lueCwgcGhwIChBbWF6b24gTGludXggMiB2ZXJzaW9uKQoKYmFzaAoKIyBVcGRhdGUgcGFja2FnZXMKc3VkbyB5dW0gdXBkYXRlIC15CgojIEluc3RhbGwgQXBhY2hlIGFuZCBQSFAKc3VkbyB5dW0gaW5zdGFsbCAteSBuZ2lueCBwaHAgcGhwLW15c3FsbmQKCiMgRW5hYmxlIG5lY2Vzc2FyeSBBcGFjaGUgbW9kdWxlcwpzdWRvIHN5c3RlbWN0bCBzdGFydCBuZ2lueApzdWRvIHN5c3RlbWN0bCBlbmFibGUgbmdpbngKCiMgSW5zdGFsbCBNeVNRTCBjbGllbnQKc3VkbyB5dW0gaW5zdGFsbCAteSBtYXJpYWRiMTA1CgplY2hvICJyZHMgPSBtay1yZHMtaW5zdGFuY2UuY3BpZ2dnZW0yOGFpLmFwLW5vcnRoZWFzdC0xLnJkcy5hbWF6b25hd3MuY29tOjMzMDYiCmVjaG8gIm1rLXJkcy1pbnN0YW5jZS5jcGlnZ2dlbTI4YWkuYXAtbm9ydGhlYXN0LTEucmRzLmFtYXpvbmF3cy5jb20iCgoKIyBSRFPsl5Ag7KCR7IaN7ZWY7JesIOy/vOumrCDsi6TtlokKbXlzcWwgLWggIm1rLXJkcy1pbnN0YW5jZS5jcGlnZ2dlbTI4YWkuYXAtbm9ydGhlYXN0LTEucmRzLmFtYXpvbmF3cy5jb20iIC1QIDMzMDYgLXUgIm1rIiAtcG1rMTIzNDU2Nzg5MCAibWtkYiIgLWUgIkNSRUFURSBUQUJMRSBJRiBOT1QgRVhJU1RTIGluZm8gKAogICAgbmFtZSBWQVJDSEFSKDUwKSBQUklNQVJZIEtFWSwKICAgIGVtYWlsIFZBUkNIQVIoNTApLAogICAgYWdlIElOVAopOyIKCm15c3FsIC1oICJtay1yZHMtaW5zdGFuY2UuY3BpZ2dnZW0yOGFpLmFwLW5vcnRoZWFzdC0xLnJkcy5hbWF6b25hd3MuY29tIiAtUCAzMzA2IC11ICJtayIgLXBtazEyMzQ1Njc4OTAgIm1rZGIiIC1lICJJTlNFUlQgSU5UTyBpbmZvIChuYW1lLCBlbWFpbCwgYWdlKSBWQUxVRVMgKCdtaycsICdta0Bnb29nbGUuY29tJywgMjMpOyIKCgoKY2F0IDw8IEVPRiA+IC91c3Ivc2hhcmUvbmdpbngvaHRtbC90ZXN0LnBocAo8IURPQ1RZUEUgaHRtbD4KPGh0bWw+CjxoZWFkPgogICAgPG1ldGEgY2hhcnNldD0idXRmOCI+CjwvaGVhZD4KPGJvZHk+Cjw/cGhwCiAgcGhwaW5mbygpOwo/Pgo8L2JvZHk+CjwvaHRtbD4KRU9GCgoKY2F0IDw8IEVPRiA+IC91c3Ivc2hhcmUvbmdpbngvaHRtbC9kYi5waHAKPCFET0NUWVBFIGh0bWw+CjxodG1sPgo8aGVhZD4KICAgIDxtZXRhIGNoYXJzZXQ9InV0Zi04Ij4KPC9oZWFkPgo8Ym9keT4KPGgxPkRCIHBhZ2U8L2gxPgo8P3BocAoKICAgIC8vIOuNsOydtO2EsOuyoOydtOyKpCDsl7DqsrAKICAgIFwkY29ubiA9IG5ldyBteXNxbGkoIm1rLXJkcy1pbnN0YW5jZS5jcGlnZ2dlbTI4YWkuYXAtbm9ydGhlYXN0LTEucmRzLmFtYXpvbmF3cy5jb20iLCAibWsiLCAibWsxMjM0NTY3ODkwIiwgIm1rZGIiLCAzMzA2KTsKCiAgICAvLyDsl7DqsrAg7ZmV7J24CiAgICBpZiAoXCRjb25uLT5jb25uZWN0X2Vycm9yKSB7CiAgICAgICAgZGllKCJDb25uZWN0aW9uIGZhaWxlZDogIiAuIFwkY29ubi0+Y29ubmVjdF9lcnJvcik7CiAgICB9CgogICAgXCRzcWwgPSAiU0VMRUNUIG5hbWUsIGVtYWlsLCBhZ2UgRlJPTSBpbmZvIjsKCiAgICBcJHJlc3VsdCA9IFwkY29ubi0+cXVlcnkoXCRzcWwpOwoKICAgIGlmIChcJHJlc3VsdC0+bnVtX3Jvd3MgPiAwKSB7CiAgICAgICAgLy8g6rKw6rO8IO2WieydhCDstpzroKUKICAgICAgICB3aGlsZShcJHJvdyA9IFwkcmVzdWx0LT5mZXRjaF9hc3NvYygpKSB7CiAgICAgICAgICAgIGVjaG8gIk5hbWU6ICIgLiBcJHJvd1sibmFtZSJdIC4gIiAtIEVtYWlsOiAiIC4gXCRyb3dbImVtYWlsIl0gLiAiIC0gQWdlOiAiIC4gXCRyb3dbImFnZSJdIC4gIjxicj4iOwogICAgICAgIH0KICAgIH0gCiAgICBlbHNlIHsKICAgICAgICBlY2hvICIwIHJlc3VsdHMiOwogICAgfQoKICAgIC8vIOyXsOqysCDri6vquLAKICAgIFwkY29ubi0+Y2xvc2UoKTsKPz4KPC9ib2R5Pgo8L2h0bWw+CkVPRgoKCiMgUmVzdGFydCBOZ2lueApzdWRvIHN5c3RlbWN0bCByZXN0YXJ0IG5naW54Cg==",
              "vpc_security_group_ids": null
            },
            "sensitive_attributes": [],
            "private": "bnVsbA==",
            "dependencies": [
              "aws_db_instance.rds-db",
              "aws_db_subnet_group.db-sub-grp",
              "aws_security_group.alb-sg-was",
              "aws_security_group.alb-sg-web",
              "aws_security_group.asg-sg-was",
              "aws_security_group.asg-sg-web",
              "aws_security_group.db-sg",
              "aws_subnet.db-sub1",
              "aws_subnet.db-sub2",
              "aws_vpc.vpc",
              "data.aws_db_instance.my_rds"
            ]
          }
        ]
      },
      {
        "mode": "managed",
        "type": "aws_launch_template",
        "name": "template-web",
        "provider": "provider[\"registry.terraform.io/hashicorp/aws\"]",
        "instances": [
          {
            "schema_version": 0,
            "attributes": {
              "arn": "arn:aws:ec2:ap-northeast-1:381492154999:launch-template/lt-0d16f0e9c8ebda5c5",
              "block_device_mappings": [],
              "capacity_reservation_specification": [],
              "cpu_options": [],
              "credit_specification": [],
              "default_version": 1,
              "description": "",
              "disable_api_stop": false,
              "disable_api_termination": false,
              "ebs_optimized": "",
              "elastic_gpu_specifications": [],
              "elastic_inference_accelerator": [],
              "enclave_options": [],
              "hibernation_options": [],
              "iam_instance_profile": [],
              "id": "lt-0d16f0e9c8ebda5c5",
              "image_id": "ami-02a405b3302affc24",
              "instance_initiated_shutdown_behavior": "",
              "instance_market_options": [],
              "instance_requirements": [],
              "instance_type": "t2.micro",
              "kernel_id": "",
              "key_name": "",
              "latest_version": 1,
              "license_specification": [],
              "maintenance_options": [],
              "metadata_options": [
                {
                  "http_endpoint": "enabled",
                  "http_protocol_ipv6": "",
                  "http_put_response_hop_limit": 1,
                  "http_tokens": "required",
                  "instance_metadata_tags": "enabled"
                }
              ],
              "monitoring": [],
              "name": "mk-launch-template-web",
              "name_prefix": "",
              "network_interfaces": [
                {
                  "associate_carrier_ip_address": "",
                  "associate_public_ip_address": "",
                  "delete_on_termination": "",
                  "description": "",
                  "device_index": 0,
                  "interface_type": "",
                  "ipv4_address_count": 0,
                  "ipv4_addresses": null,
                  "ipv4_prefix_count": 0,
                  "ipv4_prefixes": null,
                  "ipv6_address_count": 0,
                  "ipv6_addresses": null,
                  "ipv6_prefix_count": 0,
                  "ipv6_prefixes": null,
                  "network_card_index": 0,
                  "network_interface_id": "",
                  "private_ip_address": "",
                  "security_groups": [
                    "sg-05cc4873c8629bdaf"
                  ],
                  "subnet_id": ""
                }
              ],
              "placement": [],
              "private_dns_name_options": [],
              "ram_disk_id": "",
              "security_group_names": null,
              "tag_specifications": [
                {
                  "resource_type": "instance",
                  "tags": {
                    "Name": "mk-web-instances"
                  }
                }
              ],
              "tags": null,
              "tags_all": {},
              "update_default_version": null,
              "user_data": "IyEvYmluL2Jhc2gKIyBBbWF6b24gTGludXggMiB1c2VyZGF0YSBzY3JpcHQgZm9yIHNldHRpbmcgdXAgTmdpbnggd2l0aCBQcm94eVBhc3MKCmJhc2gKCiMgVXBkYXRlIHBhY2thZ2VzCnN1ZG8geXVtIHVwZGF0ZSAteQoKIyBJbnN0YWxsIE5naW54CnN1ZG8geXVtIGluc3RhbGwgLXkgbmdpbngKCiMgU3RhcnQgYW5kIGVuYWJsZSBOZ2lueApzdWRvIHN5c3RlbWN0bCBzdGFydCBuZ2lueApzdWRvIHN5c3RlbWN0bCBlbmFibGUgbmdpbngKCiMgQ29uZmlndXJlIFByb3h5UGFzcyBpbiBOZ2lueApjYXQgPDwgRU9GID4gL2V0Yy9uZ2lueC9jb25mLmQvcHJveHkuY29uZgpzZXJ2ZXIgewogICAgbGlzdGVuIDgwOwogICAgc2VydmVyX25hbWUgd2ViLm15Y29tZXQubGluazsKCiAgICAjIFByb3h5IHBhdGggY29uZmlndXJhdGlvbiAoZS5nLiwgL2FwcCkKICAgIGxvY2F0aW9uIC9hcHAgewogICAgICAgIHByb3h5X3Bhc3MgaHR0cDovL2ludGVybmFsLW1rLWFsYi13YXMtMTkxNjk2NzQyLmFwLW5vcnRoZWFzdC0xLmVsYi5hbWF6b25hd3MuY29tLzsKICAgIH0KCiAgICAjIExvZyBzZXR0aW5ncyAob3B0aW9uYWwpCiAgICBlcnJvcl9sb2cgL3Zhci9sb2cvbmdpbngvbWFya19lcnJvci5sb2c7CiAgICBhY2Nlc3NfbG9nIC92YXIvbG9nL25naW54L21hcmtfYWNjZXNzLmxvZyBjb21iaW5lZDsKfQoKc2VydmVyIHsKICAgIGxpc3RlbiA0NDM7CiAgICBzZXJ2ZXJfbmFtZSB3ZWIubXljb21ldC5saW5rOwoKICAgICMgUHJveHkgcGF0aCBjb25maWd1cmF0aW9uIChlLmcuLCAvYXBwKQogICAgbG9jYXRpb24gL2FwcCB7CiAgICAgICAgcHJveHlfcGFzcyBodHRwOi8vaW50ZXJuYWwtbWstYWxiLXdhcy0xOTE2OTY3NDIuYXAtbm9ydGhlYXN0LTEuZWxiLmFtYXpvbmF3cy5jb20vOwogICAgfQoKICAgICMgTG9nIHNldHRpbmdzIChvcHRpb25hbCkKICAgIGVycm9yX2xvZyAvdmFyL2xvZy9uZ2lueC9tYXJrX2Vycm9yLmxvZzsKICAgIGFjY2Vzc19sb2cgL3Zhci9sb2cvbmdpbngvbWFya19hY2Nlc3MubG9nIGNvbWJpbmVkOwp9CkVPRgoKUlpBWj0kKGN1cmwgaHR0cDovLzE2OS4yNTQuMTY5LjI1NC9sYXRlc3QvbWV0YS1kYXRhL3BsYWNlbWVudC9hdmFpbGFiaWxpdHktem9uZS1pZCkKSUlEPSQoY3VybCAxNjkuMjU0LjE2OS4yNTQvbGF0ZXN0L21ldGEtZGF0YS9pbnN0YW5jZS1pZCkKTElQPSQoY3VybCAxNjkuMjU0LjE2OS4yNTQvbGF0ZXN0L21ldGEtZGF0YS9sb2NhbC1pcHY0KQoKCmNhdCA8PCBFT0YgPiAvdXNyL3NoYXJlL25naW54L2h0bWwvaW5kZXguaHRtbAo8IURPQ1RZUEUgaHRtbD4KPGh0bWw+CjxoZWFkPgogICAgPHRpdGxlPldlYiBTZXJ2ZXI8L3RpdGxlPgo8L2hlYWQ+Cjxib2R5Pgo8aDE+UmVnaW9uQXooXCRSWkFaKSA6IEluc3RhbmNlIElEKFwkSUlEKSA6IFByaXZhdGUgSVAoXCRMSVApIDogV2ViIFNlcnZlcjwvaDE+CjwvYm9keT4KPC9odG1sPgpFT0YKCiMgUmVzdGFydCBOZ2lueCB0byBhcHBseSBjaGFuZ2VzCnN1ZG8gc3lzdGVtY3RsIHJlc3RhcnQgbmdpbngK",
              "vpc_security_group_ids": null
            },
            "sensitive_attributes": [],
            "private": "bnVsbA==",
            "dependencies": [
              "aws_lb.alb-was",
              "aws_lb.alb-web",
              "aws_security_group.alb-sg-was",
              "aws_security_group.alb-sg-web",
              "aws_security_group.asg-sg-web",
              "aws_subnet.pub-sub1",
              "aws_subnet.pub-sub2",
              "aws_subnet.was-sub1",
              "aws_subnet.was-sub2",
              "aws_vpc.vpc"
            ]
          }
        ]
      },
      {
        "mode": "managed",
        "type": "aws_lb",
        "name": "alb-was",
        "provider": "provider[\"registry.terraform.io/hashicorp/aws\"]",
        "instances": [
          {
            "schema_version": 0,
            "attributes": {
              "access_logs": [
                {
                  "bucket": "",
                  "enabled": false,
                  "prefix": ""
                }
              ],
              "arn": "arn:aws:elasticloadbalancing:ap-northeast-1:381492154999:loadbalancer/app/mk-alb-was/b5c856ea178e243d",
              "arn_suffix": "app/mk-alb-was/b5c856ea178e243d",
              "client_keep_alive": 3600,
              "connection_logs": [
                {
                  "bucket": "",
                  "enabled": false,
                  "prefix": ""
                }
              ],
              "customer_owned_ipv4_pool": "",
              "desync_mitigation_mode": "defensive",
              "dns_name": "internal-mk-alb-was-191696742.ap-northeast-1.elb.amazonaws.com",
              "dns_record_client_routing_policy": null,
              "drop_invalid_header_fields": false,
              "enable_cross_zone_load_balancing": true,
              "enable_deletion_protection": false,
              "enable_http2": true,
              "enable_tls_version_and_cipher_suite_headers": false,
              "enable_waf_fail_open": false,
              "enable_xff_client_port": false,
              "enforce_security_group_inbound_rules_on_private_link_traffic": "",
              "id": "arn:aws:elasticloadbalancing:ap-northeast-1:381492154999:loadbalancer/app/mk-alb-was/b5c856ea178e243d",
              "idle_timeout": 60,
              "internal": true,
              "ip_address_type": "ipv4",
              "load_balancer_type": "application",
              "name": "mk-alb-was",
              "name_prefix": "",
              "preserve_host_header": false,
              "security_groups": [
                "sg-0e2d83a1186f7f848"
              ],
              "subnet_mapping": [
                {
                  "allocation_id": "",
                  "ipv6_address": "",
                  "outpost_id": "",
                  "private_ipv4_address": "",
                  "subnet_id": "subnet-08b63c66f756981d3"
                },
                {
                  "allocation_id": "",
                  "ipv6_address": "",
                  "outpost_id": "",
                  "private_ipv4_address": "",
                  "subnet_id": "subnet-0c124d655445b4e1e"
                }
              ],
              "subnets": [
                "subnet-08b63c66f756981d3",
                "subnet-0c124d655445b4e1e"
              ],
              "tags": null,
              "tags_all": {},
              "timeouts": null,
              "vpc_id": "vpc-0b73f3354cab1e45e",
              "xff_header_processing_mode": "append",
              "zone_id": "Z14GRHDCWA56QT"
            },
            "sensitive_attributes": [],
            "private": "eyJlMmJmYjczMC1lY2FhLTExZTYtOGY4OC0zNDM2M2JjN2M0YzAiOnsiY3JlYXRlIjo2MDAwMDAwMDAwMDAsImRlbGV0ZSI6NjAwMDAwMDAwMDAwLCJ1cGRhdGUiOjYwMDAwMDAwMDAwMH19",
            "dependencies": [
              "aws_security_group.alb-sg-was",
              "aws_security_group.alb-sg-web",
              "aws_security_group.asg-sg-web",
              "aws_subnet.was-sub1",
              "aws_subnet.was-sub2",
              "aws_vpc.vpc"
            ]
          }
        ]
      },
      {
        "mode": "managed",
        "type": "aws_lb",
        "name": "alb-web",
        "provider": "provider[\"registry.terraform.io/hashicorp/aws\"]",
        "instances": [
          {
            "schema_version": 0,
            "attributes": {
              "access_logs": [
                {
                  "bucket": "",
                  "enabled": false,
                  "prefix": ""
                }
              ],
              "arn": "arn:aws:elasticloadbalancing:ap-northeast-1:381492154999:loadbalancer/app/mk-alb-web/8de62ef4536da219",
              "arn_suffix": "app/mk-alb-web/8de62ef4536da219",
              "client_keep_alive": 3600,
              "connection_logs": [
                {
                  "bucket": "",
                  "enabled": false,
                  "prefix": ""
                }
              ],
              "customer_owned_ipv4_pool": "",
              "desync_mitigation_mode": "defensive",
              "dns_name": "mk-alb-web-222692805.ap-northeast-1.elb.amazonaws.com",
              "dns_record_client_routing_policy": null,
              "drop_invalid_header_fields": false,
              "enable_cross_zone_load_balancing": true,
              "enable_deletion_protection": false,
              "enable_http2": true,
              "enable_tls_version_and_cipher_suite_headers": false,
              "enable_waf_fail_open": false,
              "enable_xff_client_port": false,
              "enforce_security_group_inbound_rules_on_private_link_traffic": "",
              "id": "arn:aws:elasticloadbalancing:ap-northeast-1:381492154999:loadbalancer/app/mk-alb-web/8de62ef4536da219",
              "idle_timeout": 60,
              "internal": false,
              "ip_address_type": "ipv4",
              "load_balancer_type": "application",
              "name": "mk-alb-web",
              "name_prefix": "",
              "preserve_host_header": false,
              "security_groups": [
                "sg-0dd47f89ca8de4f45"
              ],
              "subnet_mapping": [
                {
                  "allocation_id": "",
                  "ipv6_address": "",
                  "outpost_id": "",
                  "private_ipv4_address": "",
                  "subnet_id": "subnet-0827a658caa2cb42e"
                },
                {
                  "allocation_id": "",
                  "ipv6_address": "",
                  "outpost_id": "",
                  "private_ipv4_address": "",
                  "subnet_id": "subnet-0dcbaeadca662c038"
                }
              ],
              "subnets": [
                "subnet-0827a658caa2cb42e",
                "subnet-0dcbaeadca662c038"
              ],
              "tags": null,
              "tags_all": {},
              "timeouts": null,
              "vpc_id": "vpc-0b73f3354cab1e45e",
              "xff_header_processing_mode": "append",
              "zone_id": "Z14GRHDCWA56QT"
            },
            "sensitive_attributes": [],
            "private": "eyJlMmJmYjczMC1lY2FhLTExZTYtOGY4OC0zNDM2M2JjN2M0YzAiOnsiY3JlYXRlIjo2MDAwMDAwMDAwMDAsImRlbGV0ZSI6NjAwMDAwMDAwMDAwLCJ1cGRhdGUiOjYwMDAwMDAwMDAwMH19",
            "dependencies": [
              "aws_security_group.alb-sg-web",
              "aws_subnet.pub-sub1",
              "aws_subnet.pub-sub2",
              "aws_vpc.vpc"
            ]
          }
        ]
      },
      {
        "mode": "managed",
        "type": "aws_lb_listener",
        "name": "alb_listener-was",
        "provider": "provider[\"registry.terraform.io/hashicorp/aws\"]",
        "instances": [
          {
            "schema_version": 0,
            "attributes": {
              "alpn_policy": null,
              "arn": "arn:aws:elasticloadbalancing:ap-northeast-1:381492154999:listener/app/mk-alb-was/b5c856ea178e243d/f440fc9b81c01e47",
              "certificate_arn": null,
              "default_action": [
                {
                  "authenticate_cognito": [],
                  "authenticate_oidc": [],
                  "fixed_response": [],
                  "forward": [],
                  "order": 1,
                  "redirect": [],
                  "target_group_arn": "arn:aws:elasticloadbalancing:ap-northeast-1:381492154999:targetgroup/mk-tg-was/e0db1741817f9eb6",
                  "type": "forward"
                }
              ],
              "id": "arn:aws:elasticloadbalancing:ap-northeast-1:381492154999:listener/app/mk-alb-was/b5c856ea178e243d/f440fc9b81c01e47",
              "load_balancer_arn": "arn:aws:elasticloadbalancing:ap-northeast-1:381492154999:loadbalancer/app/mk-alb-was/b5c856ea178e243d",
              "mutual_authentication": [],
              "port": 80,
              "protocol": "HTTP",
              "ssl_policy": "",
              "tags": null,
              "tags_all": {},
              "timeouts": null
            },
            "sensitive_attributes": [],
            "private": "eyJlMmJmYjczMC1lY2FhLTExZTYtOGY4OC0zNDM2M2JjN2M0YzAiOnsiY3JlYXRlIjozMDAwMDAwMDAwMDAsInVwZGF0ZSI6MzAwMDAwMDAwMDAwfX0=",
            "dependencies": [
              "aws_lb.alb-was",
              "aws_lb_target_group.tg-was",
              "aws_security_group.alb-sg-was",
              "aws_security_group.alb-sg-web",
              "aws_security_group.asg-sg-web",
              "aws_subnet.was-sub1",
              "aws_subnet.was-sub2",
              "aws_vpc.vpc"
            ]
          }
        ]
      },
      {
        "mode": "managed",
        "type": "aws_lb_listener",
        "name": "myhttp",
        "provider": "provider[\"registry.terraform.io/hashicorp/aws\"]",
        "instances": [
          {
            "schema_version": 0,
            "attributes": {
              "alpn_policy": null,
              "arn": "arn:aws:elasticloadbalancing:ap-northeast-1:381492154999:listener/app/mk-alb-web/8de62ef4536da219/ca57263448dfd874",
              "certificate_arn": null,
              "default_action": [
                {
                  "authenticate_cognito": [],
                  "authenticate_oidc": [],
                  "fixed_response": [],
                  "forward": [],
                  "order": 1,
                  "redirect": [
                    {
                      "host": "#{host}",
                      "path": "/#{path}",
                      "port": "443",
                      "protocol": "HTTPS",
                      "query": "#{query}",
                      "status_code": "HTTP_301"
                    }
                  ],
                  "target_group_arn": "",
                  "type": "redirect"
                }
              ],
              "id": "arn:aws:elasticloadbalancing:ap-northeast-1:381492154999:listener/app/mk-alb-web/8de62ef4536da219/ca57263448dfd874",
              "load_balancer_arn": "arn:aws:elasticloadbalancing:ap-northeast-1:381492154999:loadbalancer/app/mk-alb-web/8de62ef4536da219",
              "mutual_authentication": [],
              "port": 80,
              "protocol": "HTTP",
              "ssl_policy": "",
              "tags": null,
              "tags_all": {},
              "timeouts": null
            },
            "sensitive_attributes": [],
            "private": "eyJlMmJmYjczMC1lY2FhLTExZTYtOGY4OC0zNDM2M2JjN2M0YzAiOnsiY3JlYXRlIjozMDAwMDAwMDAwMDAsInVwZGF0ZSI6MzAwMDAwMDAwMDAwfX0=",
            "dependencies": [
              "aws_lb.alb-web",
              "aws_security_group.alb-sg-web",
              "aws_subnet.pub-sub1",
              "aws_subnet.pub-sub2",
              "aws_vpc.vpc"
            ]
          }
        ]
      },
      {
        "mode": "managed",
        "type": "aws_lb_listener",
        "name": "myhttps",
        "provider": "provider[\"registry.terraform.io/hashicorp/aws\"]",
        "instances": [
          {
            "schema_version": 0,
            "attributes": {
              "alpn_policy": null,
              "arn": "arn:aws:elasticloadbalancing:ap-northeast-1:381492154999:listener/app/mk-alb-web/8de62ef4536da219/a7d3c7eaee00fb62",
              "certificate_arn": "arn:aws:acm:ap-northeast-1:381492154999:certificate/d9fce92c-78a3-4daf-9625-69862ae2f864",
              "default_action": [
                {
                  "authenticate_cognito": [],
                  "authenticate_oidc": [],
                  "fixed_response": [
                    {
                      "content_type": "text/plain",
                      "message_body": "404: page not found - MK",
                      "status_code": "404"
                    }
                  ],
                  "forward": [],
                  "order": 1,
                  "redirect": [],
                  "target_group_arn": "",
                  "type": "fixed-response"
                }
              ],
              "id": "arn:aws:elasticloadbalancing:ap-northeast-1:381492154999:listener/app/mk-alb-web/8de62ef4536da219/a7d3c7eaee00fb62",
              "load_balancer_arn": "arn:aws:elasticloadbalancing:ap-northeast-1:381492154999:loadbalancer/app/mk-alb-web/8de62ef4536da219",
              "mutual_authentication": [
                {
                  "ignore_client_certificate_expiry": false,
                  "mode": "off",
                  "trust_store_arn": ""
                }
              ],
              "port": 443,
              "protocol": "HTTPS",
              "ssl_policy": "ELBSecurityPolicy-2016-08",
              "tags": null,
              "tags_all": {},
              "timeouts": null
            },
            "sensitive_attributes": [],
            "private": "eyJlMmJmYjczMC1lY2FhLTExZTYtOGY4OC0zNDM2M2JjN2M0YzAiOnsiY3JlYXRlIjozMDAwMDAwMDAwMDAsInVwZGF0ZSI6MzAwMDAwMDAwMDAwfX0=",
            "dependencies": [
              "aws_acm_certificate.example",
              "aws_lb.alb-web",
              "aws_security_group.alb-sg-web",
              "aws_subnet.pub-sub1",
              "aws_subnet.pub-sub2",
              "aws_vpc.vpc"
            ]
          }
        ]
      },
      {
        "mode": "managed",
        "type": "aws_lb_listener_rule",
        "name": "https-rule",
        "provider": "provider[\"registry.terraform.io/hashicorp/aws\"]",
        "instances": [
          {
            "schema_version": 0,
            "attributes": {
              "action": [
                {
                  "authenticate_cognito": [],
                  "authenticate_oidc": [],
                  "fixed_response": [],
                  "forward": [],
                  "order": 1,
                  "redirect": [],
                  "target_group_arn": "arn:aws:elasticloadbalancing:ap-northeast-1:381492154999:targetgroup/mk-tg-web/927a9078f022587c",
                  "type": "forward"
                }
              ],
              "arn": "arn:aws:elasticloadbalancing:ap-northeast-1:381492154999:listener-rule/app/mk-alb-web/8de62ef4536da219/a7d3c7eaee00fb62/d556c66aec9623e1",
              "condition": [
                {
                  "host_header": [],
                  "http_header": [],
                  "http_request_method": [],
                  "path_pattern": [
                    {
                      "values": [
                        "*"
                      ]
                    }
                  ],
                  "query_string": [],
                  "source_ip": []
                }
              ],
              "id": "arn:aws:elasticloadbalancing:ap-northeast-1:381492154999:listener-rule/app/mk-alb-web/8de62ef4536da219/a7d3c7eaee00fb62/d556c66aec9623e1",
              "listener_arn": "arn:aws:elasticloadbalancing:ap-northeast-1:381492154999:listener/app/mk-alb-web/8de62ef4536da219/a7d3c7eaee00fb62",
              "priority": 100,
              "tags": null,
              "tags_all": {}
            },
            "sensitive_attributes": [],
            "private": "bnVsbA==",
            "dependencies": [
              "aws_acm_certificate.example",
              "aws_lb.alb-web",
              "aws_lb_listener.myhttps",
              "aws_lb_target_group.tg-web",
              "aws_security_group.alb-sg-web",
              "aws_subnet.pub-sub1",
              "aws_subnet.pub-sub2",
              "aws_vpc.vpc"
            ]
          }
        ]
      },
      {
        "mode": "managed",
        "type": "aws_lb_target_group",
        "name": "tg-was",
        "provider": "provider[\"registry.terraform.io/hashicorp/aws\"]",
        "instances": [
          {
            "schema_version": 0,
            "attributes": {
              "arn": "arn:aws:elasticloadbalancing:ap-northeast-1:381492154999:targetgroup/mk-tg-was/e0db1741817f9eb6",
              "arn_suffix": "targetgroup/mk-tg-was/e0db1741817f9eb6",
              "connection_termination": null,
              "deregistration_delay": "300",
              "health_check": [
                {
                  "enabled": true,
                  "healthy_threshold": 3,
                  "interval": 5,
                  "matcher": "200-299",
                  "path": "/",
                  "port": "traffic-port",
                  "protocol": "HTTP",
                  "timeout": 3,
                  "unhealthy_threshold": 5
                }
              ],
              "id": "arn:aws:elasticloadbalancing:ap-northeast-1:381492154999:targetgroup/mk-tg-was/e0db1741817f9eb6",
              "ip_address_type": "ipv4",
              "lambda_multi_value_headers_enabled": false,
              "load_balancer_arns": [],
              "load_balancing_algorithm_type": "round_robin",
              "load_balancing_anomaly_mitigation": "off",
              "load_balancing_cross_zone_enabled": "use_load_balancer_configuration",
              "name": "mk-tg-was",
              "name_prefix": "",
              "port": 80,
              "preserve_client_ip": null,
              "protocol": "HTTP",
              "protocol_version": "HTTP1",
              "proxy_protocol_v2": false,
              "slow_start": 0,
              "stickiness": [
                {
                  "cookie_duration": 86400,
                  "cookie_name": "",
                  "enabled": false,
                  "type": "lb_cookie"
                }
              ],
              "tags": null,
              "tags_all": {},
              "target_failover": [
                {
                  "on_deregistration": null,
                  "on_unhealthy": null
                }
              ],
              "target_health_state": [
                {
                  "enable_unhealthy_connection_termination": null
                }
              ],
              "target_type": "instance",
              "vpc_id": "vpc-0b73f3354cab1e45e"
            },
            "sensitive_attributes": [],
            "private": "bnVsbA==",
            "dependencies": [
              "aws_vpc.vpc"
            ]
          }
        ]
      },
      {
        "mode": "managed",
        "type": "aws_lb_target_group",
        "name": "tg-web",
        "provider": "provider[\"registry.terraform.io/hashicorp/aws\"]",
        "instances": [
          {
            "schema_version": 0,
            "attributes": {
              "arn": "arn:aws:elasticloadbalancing:ap-northeast-1:381492154999:targetgroup/mk-tg-web/927a9078f022587c",
              "arn_suffix": "targetgroup/mk-tg-web/927a9078f022587c",
              "connection_termination": null,
              "deregistration_delay": "300",
              "health_check": [
                {
                  "enabled": true,
                  "healthy_threshold": 3,
                  "interval": 5,
                  "matcher": "200-299",
                  "path": "/",
                  "port": "traffic-port",
                  "protocol": "HTTP",
                  "timeout": 3,
                  "unhealthy_threshold": 5
                }
              ],
              "id": "arn:aws:elasticloadbalancing:ap-northeast-1:381492154999:targetgroup/mk-tg-web/927a9078f022587c",
              "ip_address_type": "ipv4",
              "lambda_multi_value_headers_enabled": false,
              "load_balancer_arns": [],
              "load_balancing_algorithm_type": "round_robin",
              "load_balancing_anomaly_mitigation": "off",
              "load_balancing_cross_zone_enabled": "use_load_balancer_configuration",
              "name": "mk-tg-web",
              "name_prefix": "",
              "port": 80,
              "preserve_client_ip": null,
              "protocol": "HTTP",
              "protocol_version": "HTTP1",
              "proxy_protocol_v2": false,
              "slow_start": 0,
              "stickiness": [
                {
                  "cookie_duration": 86400,
                  "cookie_name": "",
                  "enabled": false,
                  "type": "lb_cookie"
                }
              ],
              "tags": null,
              "tags_all": {},
              "target_failover": [
                {
                  "on_deregistration": null,
                  "on_unhealthy": null
                }
              ],
              "target_health_state": [
                {
                  "enable_unhealthy_connection_termination": null
                }
              ],
              "target_type": "instance",
              "vpc_id": "vpc-0b73f3354cab1e45e"
            },
            "sensitive_attributes": [],
            "private": "bnVsbA==",
            "dependencies": [
              "aws_vpc.vpc"
            ]
          }
        ]
      },
      {
        "mode": "managed",
        "type": "aws_nat_gateway",
        "name": "nat-gw1",
        "provider": "provider[\"registry.terraform.io/hashicorp/aws\"]",
        "instances": [
          {
            "schema_version": 0,
            "attributes": {
              "allocation_id": "eipalloc-0b02af7a1f721e0f6",
              "association_id": "eipassoc-0d440d808850498a1",
              "connectivity_type": "public",
              "id": "nat-0d9c9f1d116f6f3e6",
              "network_interface_id": "eni-008272bfc0861467d",
              "private_ip": "10.0.1.176",
              "public_ip": "35.72.232.94",
              "secondary_allocation_ids": null,
              "secondary_private_ip_address_count": 0,
              "secondary_private_ip_addresses": [],
              "subnet_id": "subnet-0dcbaeadca662c038",
              "tags": {
                "Name": "mk-nat-gw1"
              },
              "tags_all": {
                "Name": "mk-nat-gw1"
              },
              "timeouts": null
            },
            "sensitive_attributes": [],
            "private": "eyJlMmJmYjczMC1lY2FhLTExZTYtOGY4OC0zNDM2M2JjN2M0YzAiOnsiY3JlYXRlIjo2MDAwMDAwMDAwMDAsImRlbGV0ZSI6MTgwMDAwMDAwMDAwMCwidXBkYXRlIjo2MDAwMDAwMDAwMDB9fQ==",
            "dependencies": [
              "aws_eip.eip1",
              "aws_internet_gateway.igw",
              "aws_subnet.pub-sub1",
              "aws_vpc.vpc"
            ]
          }
        ]
      },
      {
        "mode": "managed",
        "type": "aws_nat_gateway",
        "name": "nat-gw2",
        "provider": "provider[\"registry.terraform.io/hashicorp/aws\"]",
        "instances": [
          {
            "schema_version": 0,
            "attributes": {
              "allocation_id": "eipalloc-0b87cb31f5ca9f77e",
              "association_id": "eipassoc-0b16c004bbbb4bbc2",
              "connectivity_type": "public",
              "id": "nat-036d19ec27f59b4bd",
              "network_interface_id": "eni-09211c69b6f62cd80",
              "private_ip": "10.0.2.68",
              "public_ip": "35.72.141.90",
              "secondary_allocation_ids": null,
              "secondary_private_ip_address_count": 0,
              "secondary_private_ip_addresses": [],
              "subnet_id": "subnet-0827a658caa2cb42e",
              "tags": {
                "Name": "mk-nat-gw2"
              },
              "tags_all": {
                "Name": "mk-nat-gw2"
              },
              "timeouts": null
            },
            "sensitive_attributes": [],
            "private": "eyJlMmJmYjczMC1lY2FhLTExZTYtOGY4OC0zNDM2M2JjN2M0YzAiOnsiY3JlYXRlIjo2MDAwMDAwMDAwMDAsImRlbGV0ZSI6MTgwMDAwMDAwMDAwMCwidXBkYXRlIjo2MDAwMDAwMDAwMDB9fQ==",
            "dependencies": [
              "aws_eip.eip2",
              "aws_internet_gateway.igw",
              "aws_subnet.pub-sub2",
              "aws_vpc.vpc"
            ]
          }
        ]
      },
      {
        "mode": "managed",
        "type": "aws_route53_record",
        "name": "example",
        "provider": "provider[\"registry.terraform.io/hashicorp/aws\"]",
        "instances": [
          {
            "index_key": "mkcloud.site",
            "schema_version": 2,
            "attributes": {
              "alias": [],
              "allow_overwrite": true,
              "cidr_routing_policy": [],
              "failover_routing_policy": [],
              "fqdn": "_d7c6b30b80355e57200f5b5ded1c45a4.mkcloud.site",
              "geolocation_routing_policy": [],
              "geoproximity_routing_policy": [],
              "health_check_id": "",
              "id": "Z08369372IKLHA5WC8MEC__d7c6b30b80355e57200f5b5ded1c45a4.mkcloud.site._CNAME",
              "latency_routing_policy": [],
              "multivalue_answer_routing_policy": false,
              "name": "_d7c6b30b80355e57200f5b5ded1c45a4.mkcloud.site",
              "records": [
                "_2b4900d67c276ebedfd775fd29879b80.sdgjtdhdhz.acm-validations.aws."
              ],
              "set_identifier": "",
              "ttl": 60,
              "type": "CNAME",
              "weighted_routing_policy": [],
              "zone_id": "Z08369372IKLHA5WC8MEC"
            },
            "sensitive_attributes": [],
            "private": "eyJzY2hlbWFfdmVyc2lvbiI6IjIifQ==",
            "dependencies": [
              "aws_acm_certificate.example",
              "data.aws_route53_zone.example"
            ]
          }
        ]
      },
      {
        "mode": "managed",
        "type": "aws_route53_record",
        "name": "web",
        "provider": "provider[\"registry.terraform.io/hashicorp/aws\"]",
        "instances": [
          {
            "schema_version": 2,
            "attributes": {
              "alias": [
                {
                  "evaluate_target_health": true,
                  "name": "mk-alb-web-222692805.ap-northeast-1.elb.amazonaws.com",
                  "zone_id": "Z14GRHDCWA56QT"
                }
              ],
              "allow_overwrite": null,
              "cidr_routing_policy": [],
              "failover_routing_policy": [],
              "fqdn": "mkcloud.site",
              "geolocation_routing_policy": [],
              "geoproximity_routing_policy": [],
              "health_check_id": "",
              "id": "Z08369372IKLHA5WC8MEC_mkcloud.site_A",
              "latency_routing_policy": [],
              "multivalue_answer_routing_policy": false,
              "name": "mkcloud.site",
              "records": null,
              "set_identifier": "",
              "ttl": 0,
              "type": "A",
              "weighted_routing_policy": [],
              "zone_id": "Z08369372IKLHA5WC8MEC"
            },
            "sensitive_attributes": [],
            "private": "eyJzY2hlbWFfdmVyc2lvbiI6IjIifQ==",
            "dependencies": [
              "aws_lb.alb-web",
              "aws_security_group.alb-sg-web",
              "aws_subnet.pub-sub1",
              "aws_subnet.pub-sub2",
              "aws_vpc.vpc",
              "data.aws_route53_zone.example"
            ]
          }
        ]
      },
      {
        "mode": "managed",
        "type": "aws_route_table",
        "name": "pri-rt1",
        "provider": "provider[\"registry.terraform.io/hashicorp/aws\"]",
        "instances": [
          {
            "schema_version": 0,
            "attributes": {
              "arn": "arn:aws:ec2:ap-northeast-1:381492154999:route-table/rtb-0f0bcd1c661e6866b",
              "id": "rtb-0f0bcd1c661e6866b",
              "owner_id": "381492154999",
              "propagating_vgws": [],
              "route": [
                {
                  "carrier_gateway_id": "",
                  "cidr_block": "0.0.0.0/0",
                  "core_network_arn": "",
                  "destination_prefix_list_id": "",
                  "egress_only_gateway_id": "",
                  "gateway_id": "nat-0d9c9f1d116f6f3e6",
                  "ipv6_cidr_block": "",
                  "local_gateway_id": "",
                  "nat_gateway_id": "",
                  "network_interface_id": "",
                  "transit_gateway_id": "",
                  "vpc_endpoint_id": "",
                  "vpc_peering_connection_id": ""
                }
              ],
              "tags": {
                "Name": "mk-pri-rt1"
              },
              "tags_all": {
                "Name": "mk-pri-rt1"
              },
              "timeouts": null,
              "vpc_id": "vpc-0b73f3354cab1e45e"
            },
            "sensitive_attributes": [],
            "private": "eyJlMmJmYjczMC1lY2FhLTExZTYtOGY4OC0zNDM2M2JjN2M0YzAiOnsiY3JlYXRlIjozMDAwMDAwMDAwMDAsImRlbGV0ZSI6MzAwMDAwMDAwMDAwLCJ1cGRhdGUiOjEyMDAwMDAwMDAwMH19",
            "dependencies": [
              "aws_eip.eip1",
              "aws_internet_gateway.igw",
              "aws_nat_gateway.nat-gw1",
              "aws_subnet.pub-sub1",
              "aws_vpc.vpc"
            ]
          }
        ]
      },
      {
        "mode": "managed",
        "type": "aws_route_table",
        "name": "pri-rt2",
        "provider": "provider[\"registry.terraform.io/hashicorp/aws\"]",
        "instances": [
          {
            "schema_version": 0,
            "attributes": {
              "arn": "arn:aws:ec2:ap-northeast-1:381492154999:route-table/rtb-07e0520b34ad7a05d",
              "id": "rtb-07e0520b34ad7a05d",
              "owner_id": "381492154999",
              "propagating_vgws": [],
              "route": [
                {
                  "carrier_gateway_id": "",
                  "cidr_block": "0.0.0.0/0",
                  "core_network_arn": "",
                  "destination_prefix_list_id": "",
                  "egress_only_gateway_id": "",
                  "gateway_id": "nat-036d19ec27f59b4bd",
                  "ipv6_cidr_block": "",
                  "local_gateway_id": "",
                  "nat_gateway_id": "",
                  "network_interface_id": "",
                  "transit_gateway_id": "",
                  "vpc_endpoint_id": "",
                  "vpc_peering_connection_id": ""
                }
              ],
              "tags": {
                "Name": "mk-pri-rt2"
              },
              "tags_all": {
                "Name": "mk-pri-rt2"
              },
              "timeouts": null,
              "vpc_id": "vpc-0b73f3354cab1e45e"
            },
            "sensitive_attributes": [],
            "private": "eyJlMmJmYjczMC1lY2FhLTExZTYtOGY4OC0zNDM2M2JjN2M0YzAiOnsiY3JlYXRlIjozMDAwMDAwMDAwMDAsImRlbGV0ZSI6MzAwMDAwMDAwMDAwLCJ1cGRhdGUiOjEyMDAwMDAwMDAwMH19",
            "dependencies": [
              "aws_eip.eip2",
              "aws_internet_gateway.igw",
              "aws_nat_gateway.nat-gw2",
              "aws_subnet.pub-sub2",
              "aws_vpc.vpc"
            ]
          }
        ]
      },
      {
        "mode": "managed",
        "type": "aws_route_table",
        "name": "pub-rt",
        "provider": "provider[\"registry.terraform.io/hashicorp/aws\"]",
        "instances": [
          {
            "schema_version": 0,
            "attributes": {
              "arn": "arn:aws:ec2:ap-northeast-1:381492154999:route-table/rtb-0f253b92ca488d9ef",
              "id": "rtb-0f253b92ca488d9ef",
              "owner_id": "381492154999",
              "propagating_vgws": [],
              "route": [
                {
                  "carrier_gateway_id": "",
                  "cidr_block": "0.0.0.0/0",
                  "core_network_arn": "",
                  "destination_prefix_list_id": "",
                  "egress_only_gateway_id": "",
                  "gateway_id": "igw-08c3927d8bd54fba6",
                  "ipv6_cidr_block": "",
                  "local_gateway_id": "",
                  "nat_gateway_id": "",
                  "network_interface_id": "",
                  "transit_gateway_id": "",
                  "vpc_endpoint_id": "",
                  "vpc_peering_connection_id": ""
                }
              ],
              "tags": {
                "Name": "mk-pub-rt"
              },
              "tags_all": {
                "Name": "mk-pub-rt"
              },
              "timeouts": null,
              "vpc_id": "vpc-0b73f3354cab1e45e"
            },
            "sensitive_attributes": [],
            "private": "eyJlMmJmYjczMC1lY2FhLTExZTYtOGY4OC0zNDM2M2JjN2M0YzAiOnsiY3JlYXRlIjozMDAwMDAwMDAwMDAsImRlbGV0ZSI6MzAwMDAwMDAwMDAwLCJ1cGRhdGUiOjEyMDAwMDAwMDAwMH19",
            "dependencies": [
              "aws_internet_gateway.igw",
              "aws_vpc.vpc"
            ]
          }
        ]
      },
      {
        "mode": "managed",
        "type": "aws_route_table_association",
        "name": "pri-rt-asso1",
        "provider": "provider[\"registry.terraform.io/hashicorp/aws\"]",
        "instances": [
          {
            "schema_version": 0,
            "attributes": {
              "gateway_id": "",
              "id": "rtbassoc-021b13ddd2a0467ab",
              "route_table_id": "rtb-0f0bcd1c661e6866b",
              "subnet_id": "subnet-075fa02d201b1e9f4",
              "timeouts": null
            },
            "sensitive_attributes": [],
            "private": "eyJlMmJmYjczMC1lY2FhLTExZTYtOGY4OC0zNDM2M2JjN2M0YzAiOnsiY3JlYXRlIjozMDAwMDAwMDAwMDAsImRlbGV0ZSI6MzAwMDAwMDAwMDAwLCJ1cGRhdGUiOjEyMDAwMDAwMDAwMH19",
            "dependencies": [
              "aws_eip.eip1",
              "aws_internet_gateway.igw",
              "aws_nat_gateway.nat-gw1",
              "aws_route_table.pri-rt1",
              "aws_subnet.pub-sub1",
              "aws_subnet.web-sub1",
              "aws_vpc.vpc"
            ]
          }
        ]
      },
      {
        "mode": "managed",
        "type": "aws_route_table_association",
        "name": "pri-rt-asso2",
        "provider": "provider[\"registry.terraform.io/hashicorp/aws\"]",
        "instances": [
          {
            "schema_version": 0,
            "attributes": {
              "gateway_id": "",
              "id": "rtbassoc-0ed5080e8d25cbdae",
              "route_table_id": "rtb-07e0520b34ad7a05d",
              "subnet_id": "subnet-048772721a3a085d8",
              "timeouts": null
            },
            "sensitive_attributes": [],
            "private": "eyJlMmJmYjczMC1lY2FhLTExZTYtOGY4OC0zNDM2M2JjN2M0YzAiOnsiY3JlYXRlIjozMDAwMDAwMDAwMDAsImRlbGV0ZSI6MzAwMDAwMDAwMDAwLCJ1cGRhdGUiOjEyMDAwMDAwMDAwMH19",
            "dependencies": [
              "aws_eip.eip2",
              "aws_internet_gateway.igw",
              "aws_nat_gateway.nat-gw2",
              "aws_route_table.pri-rt2",
              "aws_subnet.pub-sub2",
              "aws_subnet.web-sub2",
              "aws_vpc.vpc"
            ]
          }
        ]
      },
      {
        "mode": "managed",
        "type": "aws_route_table_association",
        "name": "pri-rt-asso3",
        "provider": "provider[\"registry.terraform.io/hashicorp/aws\"]",
        "instances": [
          {
            "schema_version": 0,
            "attributes": {
              "gateway_id": "",
              "id": "rtbassoc-0df3e5d4df18b8303",
              "route_table_id": "rtb-0f0bcd1c661e6866b",
              "subnet_id": "subnet-0c124d655445b4e1e",
              "timeouts": null
            },
            "sensitive_attributes": [],
            "private": "eyJlMmJmYjczMC1lY2FhLTExZTYtOGY4OC0zNDM2M2JjN2M0YzAiOnsiY3JlYXRlIjozMDAwMDAwMDAwMDAsImRlbGV0ZSI6MzAwMDAwMDAwMDAwLCJ1cGRhdGUiOjEyMDAwMDAwMDAwMH19",
            "dependencies": [
              "aws_eip.eip1",
              "aws_internet_gateway.igw",
              "aws_nat_gateway.nat-gw1",
              "aws_route_table.pri-rt1",
              "aws_subnet.pub-sub1",
              "aws_subnet.was-sub1",
              "aws_vpc.vpc"
            ]
          }
        ]
      },
      {
        "mode": "managed",
        "type": "aws_route_table_association",
        "name": "pri-rt-asso4",
        "provider": "provider[\"registry.terraform.io/hashicorp/aws\"]",
        "instances": [
          {
            "schema_version": 0,
            "attributes": {
              "gateway_id": "",
              "id": "rtbassoc-0cef0fea154edf774",
              "route_table_id": "rtb-07e0520b34ad7a05d",
              "subnet_id": "subnet-08b63c66f756981d3",
              "timeouts": null
            },
            "sensitive_attributes": [],
            "private": "eyJlMmJmYjczMC1lY2FhLTExZTYtOGY4OC0zNDM2M2JjN2M0YzAiOnsiY3JlYXRlIjozMDAwMDAwMDAwMDAsImRlbGV0ZSI6MzAwMDAwMDAwMDAwLCJ1cGRhdGUiOjEyMDAwMDAwMDAwMH19",
            "dependencies": [
              "aws_eip.eip2",
              "aws_internet_gateway.igw",
              "aws_nat_gateway.nat-gw2",
              "aws_route_table.pri-rt2",
              "aws_subnet.pub-sub2",
              "aws_subnet.was-sub2",
              "aws_vpc.vpc"
            ]
          }
        ]
      },
      {
        "mode": "managed",
        "type": "aws_route_table_association",
        "name": "pub-rt-asso1",
        "provider": "provider[\"registry.terraform.io/hashicorp/aws\"]",
        "instances": [
          {
            "schema_version": 0,
            "attributes": {
              "gateway_id": "",
              "id": "rtbassoc-042f7b5f7a5d9fd2f",
              "route_table_id": "rtb-0f253b92ca488d9ef",
              "subnet_id": "subnet-0dcbaeadca662c038",
              "timeouts": null
            },
            "sensitive_attributes": [],
            "private": "eyJlMmJmYjczMC1lY2FhLTExZTYtOGY4OC0zNDM2M2JjN2M0YzAiOnsiY3JlYXRlIjozMDAwMDAwMDAwMDAsImRlbGV0ZSI6MzAwMDAwMDAwMDAwLCJ1cGRhdGUiOjEyMDAwMDAwMDAwMH19",
            "dependencies": [
              "aws_internet_gateway.igw",
              "aws_route_table.pub-rt",
              "aws_subnet.pub-sub1",
              "aws_vpc.vpc"
            ]
          }
        ]
      },
      {
        "mode": "managed",
        "type": "aws_route_table_association",
        "name": "pub-rt-asso2",
        "provider": "provider[\"registry.terraform.io/hashicorp/aws\"]",
        "instances": [
          {
            "schema_version": 0,
            "attributes": {
              "gateway_id": "",
              "id": "rtbassoc-02bbf0854b5870a40",
              "route_table_id": "rtb-0f253b92ca488d9ef",
              "subnet_id": "subnet-0827a658caa2cb42e",
              "timeouts": null
            },
            "sensitive_attributes": [],
            "private": "eyJlMmJmYjczMC1lY2FhLTExZTYtOGY4OC0zNDM2M2JjN2M0YzAiOnsiY3JlYXRlIjozMDAwMDAwMDAwMDAsImRlbGV0ZSI6MzAwMDAwMDAwMDAwLCJ1cGRhdGUiOjEyMDAwMDAwMDAwMH19",
            "dependencies": [
              "aws_internet_gateway.igw",
              "aws_route_table.pub-rt",
              "aws_subnet.pub-sub2",
              "aws_vpc.vpc"
            ]
          }
        ]
      },
      {
        "mode": "managed",
        "type": "aws_security_group",
        "name": "alb-sg-was",
        "provider": "provider[\"registry.terraform.io/hashicorp/aws\"]",
        "instances": [
          {
            "schema_version": 1,
            "attributes": {
              "arn": "arn:aws:ec2:ap-northeast-1:381492154999:security-group/sg-0e2d83a1186f7f848",
              "description": "ALB Security Group",
              "egress": [
                {
                  "cidr_blocks": [
                    "0.0.0.0/0"
                  ],
                  "description": "",
                  "from_port": 0,
                  "ipv6_cidr_blocks": [],
                  "prefix_list_ids": [],
                  "protocol": "-1",
                  "security_groups": [],
                  "self": false,
                  "to_port": 0
                }
              ],
              "id": "sg-0e2d83a1186f7f848",
              "ingress": [
                {
                  "cidr_blocks": [],
                  "description": "HTTP from Internet",
                  "from_port": 80,
                  "ipv6_cidr_blocks": [],
                  "prefix_list_ids": [],
                  "protocol": "tcp",
                  "security_groups": [
                    "sg-05cc4873c8629bdaf"
                  ],
                  "self": false,
                  "to_port": 80
                }
              ],
              "name": "mk-alb-sg-was",
              "name_prefix": "",
              "owner_id": "381492154999",
              "revoke_rules_on_delete": false,
              "tags": {
                "Name": "mk-alb-sg-was"
              },
              "tags_all": {
                "Name": "mk-alb-sg-was"
              },
              "timeouts": null,
              "vpc_id": "vpc-0b73f3354cab1e45e"
            },
            "sensitive_attributes": [],
            "private": "eyJlMmJmYjczMC1lY2FhLTExZTYtOGY4OC0zNDM2M2JjN2M0YzAiOnsiY3JlYXRlIjo2MDAwMDAwMDAwMDAsImRlbGV0ZSI6OTAwMDAwMDAwMDAwfSwic2NoZW1hX3ZlcnNpb24iOiIxIn0=",
            "dependencies": [
              "aws_security_group.alb-sg-web",
              "aws_security_group.asg-sg-web",
              "aws_vpc.vpc"
            ]
          }
        ]
      },
      {
        "mode": "managed",
        "type": "aws_security_group",
        "name": "alb-sg-web",
        "provider": "provider[\"registry.terraform.io/hashicorp/aws\"]",
        "instances": [
          {
            "schema_version": 1,
            "attributes": {
              "arn": "arn:aws:ec2:ap-northeast-1:381492154999:security-group/sg-0dd47f89ca8de4f45",
              "description": "ALB Security Group",
              "egress": [
                {
                  "cidr_blocks": [
                    "0.0.0.0/0"
                  ],
                  "description": "",
                  "from_port": 0,
                  "ipv6_cidr_blocks": [],
                  "prefix_list_ids": [],
                  "protocol": "-1",
                  "security_groups": [],
                  "self": false,
                  "to_port": 0
                }
              ],
              "id": "sg-0dd47f89ca8de4f45",
              "ingress": [
                {
                  "cidr_blocks": [
                    "0.0.0.0/0"
                  ],
                  "description": "HTTP from Web Tier",
                  "from_port": 80,
                  "ipv6_cidr_blocks": [],
                  "prefix_list_ids": [],
                  "protocol": "tcp",
                  "security_groups": [],
                  "self": false,
                  "to_port": 80
                },
                {
                  "cidr_blocks": [
                    "0.0.0.0/0"
                  ],
                  "description": "HTTPS from Web Tier",
                  "from_port": 443,
                  "ipv6_cidr_blocks": [],
                  "prefix_list_ids": [],
                  "protocol": "tcp",
                  "security_groups": [],
                  "self": false,
                  "to_port": 443
                }
              ],
              "name": "mk-alb-sg-web",
              "name_prefix": "",
              "owner_id": "381492154999",
              "revoke_rules_on_delete": false,
              "tags": {
                "Name": "mk-alb-sg-web"
              },
              "tags_all": {
                "Name": "mk-alb-sg-web"
              },
              "timeouts": null,
              "vpc_id": "vpc-0b73f3354cab1e45e"
            },
            "sensitive_attributes": [],
            "private": "eyJlMmJmYjczMC1lY2FhLTExZTYtOGY4OC0zNDM2M2JjN2M0YzAiOnsiY3JlYXRlIjo2MDAwMDAwMDAwMDAsImRlbGV0ZSI6OTAwMDAwMDAwMDAwfSwic2NoZW1hX3ZlcnNpb24iOiIxIn0=",
            "dependencies": [
              "aws_vpc.vpc"
            ]
          }
        ]
      },
      {
        "mode": "managed",
        "type": "aws_security_group",
        "name": "asg-sg-was",
        "provider": "provider[\"registry.terraform.io/hashicorp/aws\"]",
        "instances": [
          {
            "schema_version": 1,
            "attributes": {
              "arn": "arn:aws:ec2:ap-northeast-1:381492154999:security-group/sg-08569c6a1985b69f0",
              "description": "ASG Security Group",
              "egress": [
                {
                  "cidr_blocks": [
                    "0.0.0.0/0"
                  ],
                  "description": "",
                  "from_port": 0,
                  "ipv6_cidr_blocks": [],
                  "prefix_list_ids": [],
                  "protocol": "-1",
                  "security_groups": [],
                  "self": false,
                  "to_port": 0
                }
              ],
              "id": "sg-08569c6a1985b69f0",
              "ingress": [
                {
                  "cidr_blocks": [],
                  "description": "HTTP from ALB",
                  "from_port": 80,
                  "ipv6_cidr_blocks": [],
                  "prefix_list_ids": [],
                  "protocol": "tcp",
                  "security_groups": [
                    "sg-0e2d83a1186f7f848"
                  ],
                  "self": false,
                  "to_port": 80
                },
                {
                  "cidr_blocks": [],
                  "description": "SSH From Anywhere or Your-IP",
                  "from_port": 22,
                  "ipv6_cidr_blocks": [],
                  "prefix_list_ids": [],
                  "protocol": "tcp",
                  "security_groups": [
                    "sg-05cc4873c8629bdaf"
                  ],
                  "self": false,
                  "to_port": 22
                }
              ],
              "name": "mk-asg-sg-was",
              "name_prefix": "",
              "owner_id": "381492154999",
              "revoke_rules_on_delete": false,
              "tags": {
                "Name": "mk-asg-sg-was"
              },
              "tags_all": {
                "Name": "mk-asg-sg-was"
              },
              "timeouts": null,
              "vpc_id": "vpc-0b73f3354cab1e45e"
            },
            "sensitive_attributes": [],
            "private": "eyJlMmJmYjczMC1lY2FhLTExZTYtOGY4OC0zNDM2M2JjN2M0YzAiOnsiY3JlYXRlIjo2MDAwMDAwMDAwMDAsImRlbGV0ZSI6OTAwMDAwMDAwMDAwfSwic2NoZW1hX3ZlcnNpb24iOiIxIn0=",
            "dependencies": [
              "aws_security_group.alb-sg-was",
              "aws_security_group.alb-sg-web",
              "aws_security_group.asg-sg-web",
              "aws_vpc.vpc"
            ]
          }
        ]
      },
      {
        "mode": "managed",
        "type": "aws_security_group",
        "name": "asg-sg-web",
        "provider": "provider[\"registry.terraform.io/hashicorp/aws\"]",
        "instances": [
          {
            "schema_version": 1,
            "attributes": {
              "arn": "arn:aws:ec2:ap-northeast-1:381492154999:security-group/sg-05cc4873c8629bdaf",
              "description": "ASG Security Group",
              "egress": [
                {
                  "cidr_blocks": [
                    "0.0.0.0/0"
                  ],
                  "description": "",
                  "from_port": 0,
                  "ipv6_cidr_blocks": [],
                  "prefix_list_ids": [],
                  "protocol": "-1",
                  "security_groups": [],
                  "self": false,
                  "to_port": 0
                }
              ],
              "id": "sg-05cc4873c8629bdaf",
              "ingress": [
                {
                  "cidr_blocks": [
                    "0.0.0.0/0"
                  ],
                  "description": "SSH From Anywhere or Your-IP",
                  "from_port": 22,
                  "ipv6_cidr_blocks": [],
                  "prefix_list_ids": [],
                  "protocol": "tcp",
                  "security_groups": [],
                  "self": false,
                  "to_port": 22
                },
                {
                  "cidr_blocks": [],
                  "description": "HTTP from ALB",
                  "from_port": 80,
                  "ipv6_cidr_blocks": [],
                  "prefix_list_ids": [],
                  "protocol": "tcp",
                  "security_groups": [
                    "sg-0dd47f89ca8de4f45"
                  ],
                  "self": false,
                  "to_port": 80
                }
              ],
              "name": "mk-asg-sg-web",
              "name_prefix": "",
              "owner_id": "381492154999",
              "revoke_rules_on_delete": false,
              "tags": {
                "Name": "mk-asg-sg-web"
              },
              "tags_all": {
                "Name": "mk-asg-sg-web"
              },
              "timeouts": null,
              "vpc_id": "vpc-0b73f3354cab1e45e"
            },
            "sensitive_attributes": [],
            "private": "eyJlMmJmYjczMC1lY2FhLTExZTYtOGY4OC0zNDM2M2JjN2M0YzAiOnsiY3JlYXRlIjo2MDAwMDAwMDAwMDAsImRlbGV0ZSI6OTAwMDAwMDAwMDAwfSwic2NoZW1hX3ZlcnNpb24iOiIxIn0=",
            "dependencies": [
              "aws_security_group.alb-sg-web",
              "aws_vpc.vpc"
            ]
          }
        ]
      },
      {
        "mode": "managed",
        "type": "aws_security_group",
        "name": "db-sg",
        "provider": "provider[\"registry.terraform.io/hashicorp/aws\"]",
        "instances": [
          {
            "schema_version": 1,
            "attributes": {
              "arn": "arn:aws:ec2:ap-northeast-1:381492154999:security-group/sg-06c49d543265d1dba",
              "description": "DB Security Group",
              "egress": [
                {
                  "cidr_blocks": [
                    "0.0.0.0/0"
                  ],
                  "description": "",
                  "from_port": 0,
                  "ipv6_cidr_blocks": [],
                  "prefix_list_ids": [],
                  "protocol": "-1",
                  "security_groups": [],
                  "self": false,
                  "to_port": 0
                }
              ],
              "id": "sg-06c49d543265d1dba",
              "ingress": [
                {
                  "cidr_blocks": [],
                  "description": "",
                  "from_port": 3306,
                  "ipv6_cidr_blocks": [],
                  "prefix_list_ids": [],
                  "protocol": "tcp",
                  "security_groups": [
                    "sg-08569c6a1985b69f0"
                  ],
                  "self": false,
                  "to_port": 3306
                }
              ],
              "name": "mk-db-sg",
              "name_prefix": "",
              "owner_id": "381492154999",
              "revoke_rules_on_delete": false,
              "tags": {
                "Name": "mk-db-sg"
              },
              "tags_all": {
                "Name": "mk-db-sg"
              },
              "timeouts": null,
              "vpc_id": "vpc-0b73f3354cab1e45e"
            },
            "sensitive_attributes": [],
            "private": "eyJlMmJmYjczMC1lY2FhLTExZTYtOGY4OC0zNDM2M2JjN2M0YzAiOnsiY3JlYXRlIjo2MDAwMDAwMDAwMDAsImRlbGV0ZSI6OTAwMDAwMDAwMDAwfSwic2NoZW1hX3ZlcnNpb24iOiIxIn0=",
            "dependencies": [
              "aws_security_group.alb-sg-was",
              "aws_security_group.alb-sg-web",
              "aws_security_group.asg-sg-was",
              "aws_security_group.asg-sg-web",
              "aws_vpc.vpc"
            ]
          }
        ]
      },
      {
        "mode": "managed",
        "type": "aws_subnet",
        "name": "db-sub1",
        "provider": "provider[\"registry.terraform.io/hashicorp/aws\"]",
        "instances": [
          {
            "schema_version": 1,
            "attributes": {
              "arn": "arn:aws:ec2:ap-northeast-1:381492154999:subnet/subnet-01a28ee7982d2ba20",
              "assign_ipv6_address_on_creation": false,
              "availability_zone": "ap-northeast-1a",
              "availability_zone_id": "apne1-az4",
              "cidr_block": "10.0.20.0/22",
              "customer_owned_ipv4_pool": "",
              "enable_dns64": false,
              "enable_lni_at_device_index": 0,
              "enable_resource_name_dns_a_record_on_launch": false,
              "enable_resource_name_dns_aaaa_record_on_launch": false,
              "id": "subnet-01a28ee7982d2ba20",
              "ipv6_cidr_block": "",
              "ipv6_cidr_block_association_id": "",
              "ipv6_native": false,
              "map_customer_owned_ip_on_launch": false,
              "map_public_ip_on_launch": false,
              "outpost_arn": "",
              "owner_id": "381492154999",
              "private_dns_hostname_type_on_launch": "ip-name",
              "tags": {
                "Name": "mk-DB-sub1"
              },
              "tags_all": {
                "Name": "mk-DB-sub1"
              },
              "timeouts": null,
              "vpc_id": "vpc-0b73f3354cab1e45e"
            },
            "sensitive_attributes": [],
            "private": "eyJlMmJmYjczMC1lY2FhLTExZTYtOGY4OC0zNDM2M2JjN2M0YzAiOnsiY3JlYXRlIjo2MDAwMDAwMDAwMDAsImRlbGV0ZSI6MTIwMDAwMDAwMDAwMH0sInNjaGVtYV92ZXJzaW9uIjoiMSJ9",
            "dependencies": [
              "aws_vpc.vpc"
            ]
          }
        ]
      },
      {
        "mode": "managed",
        "type": "aws_subnet",
        "name": "db-sub2",
        "provider": "provider[\"registry.terraform.io/hashicorp/aws\"]",
        "instances": [
          {
            "schema_version": 1,
            "attributes": {
              "arn": "arn:aws:ec2:ap-northeast-1:381492154999:subnet/subnet-0fa8c4e55513f5f03",
              "assign_ipv6_address_on_creation": false,
              "availability_zone": "ap-northeast-1c",
              "availability_zone_id": "apne1-az1",
              "cidr_block": "10.0.24.0/22",
              "customer_owned_ipv4_pool": "",
              "enable_dns64": false,
              "enable_lni_at_device_index": 0,
              "enable_resource_name_dns_a_record_on_launch": false,
              "enable_resource_name_dns_aaaa_record_on_launch": false,
              "id": "subnet-0fa8c4e55513f5f03",
              "ipv6_cidr_block": "",
              "ipv6_cidr_block_association_id": "",
              "ipv6_native": false,
              "map_customer_owned_ip_on_launch": false,
              "map_public_ip_on_launch": false,
              "outpost_arn": "",
              "owner_id": "381492154999",
              "private_dns_hostname_type_on_launch": "ip-name",
              "tags": {
                "Name": "mk-DB-sub2"
              },
              "tags_all": {
                "Name": "mk-DB-sub2"
              },
              "timeouts": null,
              "vpc_id": "vpc-0b73f3354cab1e45e"
            },
            "sensitive_attributes": [],
            "private": "eyJlMmJmYjczMC1lY2FhLTExZTYtOGY4OC0zNDM2M2JjN2M0YzAiOnsiY3JlYXRlIjo2MDAwMDAwMDAwMDAsImRlbGV0ZSI6MTIwMDAwMDAwMDAwMH0sInNjaGVtYV92ZXJzaW9uIjoiMSJ9",
            "dependencies": [
              "aws_vpc.vpc"
            ]
          }
        ]
      },
      {
        "mode": "managed",
        "type": "aws_subnet",
        "name": "pub-sub1",
        "provider": "provider[\"registry.terraform.io/hashicorp/aws\"]",
        "instances": [
          {
            "schema_version": 1,
            "attributes": {
              "arn": "arn:aws:ec2:ap-northeast-1:381492154999:subnet/subnet-0dcbaeadca662c038",
              "assign_ipv6_address_on_creation": false,
              "availability_zone": "ap-northeast-1a",
              "availability_zone_id": "apne1-az4",
              "cidr_block": "10.0.1.0/24",
              "customer_owned_ipv4_pool": "",
              "enable_dns64": false,
              "enable_lni_at_device_index": 0,
              "enable_resource_name_dns_a_record_on_launch": false,
              "enable_resource_name_dns_aaaa_record_on_launch": false,
              "id": "subnet-0dcbaeadca662c038",
              "ipv6_cidr_block": "",
              "ipv6_cidr_block_association_id": "",
              "ipv6_native": false,
              "map_customer_owned_ip_on_launch": false,
              "map_public_ip_on_launch": true,
              "outpost_arn": "",
              "owner_id": "381492154999",
              "private_dns_hostname_type_on_launch": "ip-name",
              "tags": {
                "Name": "mk-pub-sub1"
              },
              "tags_all": {
                "Name": "mk-pub-sub1"
              },
              "timeouts": null,
              "vpc_id": "vpc-0b73f3354cab1e45e"
            },
            "sensitive_attributes": [],
            "private": "eyJlMmJmYjczMC1lY2FhLTExZTYtOGY4OC0zNDM2M2JjN2M0YzAiOnsiY3JlYXRlIjo2MDAwMDAwMDAwMDAsImRlbGV0ZSI6MTIwMDAwMDAwMDAwMH0sInNjaGVtYV92ZXJzaW9uIjoiMSJ9",
            "dependencies": [
              "aws_vpc.vpc"
            ]
          }
        ]
      },
      {
        "mode": "managed",
        "type": "aws_subnet",
        "name": "pub-sub2",
        "provider": "provider[\"registry.terraform.io/hashicorp/aws\"]",
        "instances": [
          {
            "schema_version": 1,
            "attributes": {
              "arn": "arn:aws:ec2:ap-northeast-1:381492154999:subnet/subnet-0827a658caa2cb42e",
              "assign_ipv6_address_on_creation": false,
              "availability_zone": "ap-northeast-1c",
              "availability_zone_id": "apne1-az1",
              "cidr_block": "10.0.2.0/24",
              "customer_owned_ipv4_pool": "",
              "enable_dns64": false,
              "enable_lni_at_device_index": 0,
              "enable_resource_name_dns_a_record_on_launch": false,
              "enable_resource_name_dns_aaaa_record_on_launch": false,
              "id": "subnet-0827a658caa2cb42e",
              "ipv6_cidr_block": "",
              "ipv6_cidr_block_association_id": "",
              "ipv6_native": false,
              "map_customer_owned_ip_on_launch": false,
              "map_public_ip_on_launch": true,
              "outpost_arn": "",
              "owner_id": "381492154999",
              "private_dns_hostname_type_on_launch": "ip-name",
              "tags": {
                "Name": "mk-pub-sub2"
              },
              "tags_all": {
                "Name": "mk-pub-sub2"
              },
              "timeouts": null,
              "vpc_id": "vpc-0b73f3354cab1e45e"
            },
            "sensitive_attributes": [],
            "private": "eyJlMmJmYjczMC1lY2FhLTExZTYtOGY4OC0zNDM2M2JjN2M0YzAiOnsiY3JlYXRlIjo2MDAwMDAwMDAwMDAsImRlbGV0ZSI6MTIwMDAwMDAwMDAwMH0sInNjaGVtYV92ZXJzaW9uIjoiMSJ9",
            "dependencies": [
              "aws_vpc.vpc"
            ]
          }
        ]
      },
      {
        "mode": "managed",
        "type": "aws_subnet",
        "name": "was-sub1",
        "provider": "provider[\"registry.terraform.io/hashicorp/aws\"]",
        "instances": [
          {
            "schema_version": 1,
            "attributes": {
              "arn": "arn:aws:ec2:ap-northeast-1:381492154999:subnet/subnet-0c124d655445b4e1e",
              "assign_ipv6_address_on_creation": false,
              "availability_zone": "ap-northeast-1a",
              "availability_zone_id": "apne1-az4",
              "cidr_block": "10.0.12.0/22",
              "customer_owned_ipv4_pool": "",
              "enable_dns64": false,
              "enable_lni_at_device_index": 0,
              "enable_resource_name_dns_a_record_on_launch": false,
              "enable_resource_name_dns_aaaa_record_on_launch": false,
              "id": "subnet-0c124d655445b4e1e",
              "ipv6_cidr_block": "",
              "ipv6_cidr_block_association_id": "",
              "ipv6_native": false,
              "map_customer_owned_ip_on_launch": false,
              "map_public_ip_on_launch": false,
              "outpost_arn": "",
              "owner_id": "381492154999",
              "private_dns_hostname_type_on_launch": "ip-name",
              "tags": {
                "Name": "mk-WAS-sub1"
              },
              "tags_all": {
                "Name": "mk-WAS-sub1"
              },
              "timeouts": null,
              "vpc_id": "vpc-0b73f3354cab1e45e"
            },
            "sensitive_attributes": [],
            "private": "eyJlMmJmYjczMC1lY2FhLTExZTYtOGY4OC0zNDM2M2JjN2M0YzAiOnsiY3JlYXRlIjo2MDAwMDAwMDAwMDAsImRlbGV0ZSI6MTIwMDAwMDAwMDAwMH0sInNjaGVtYV92ZXJzaW9uIjoiMSJ9",
            "dependencies": [
              "aws_vpc.vpc"
            ]
          }
        ]
      },
      {
        "mode": "managed",
        "type": "aws_subnet",
        "name": "was-sub2",
        "provider": "provider[\"registry.terraform.io/hashicorp/aws\"]",
        "instances": [
          {
            "schema_version": 1,
            "attributes": {
              "arn": "arn:aws:ec2:ap-northeast-1:381492154999:subnet/subnet-08b63c66f756981d3",
              "assign_ipv6_address_on_creation": false,
              "availability_zone": "ap-northeast-1c",
              "availability_zone_id": "apne1-az1",
              "cidr_block": "10.0.16.0/22",
              "customer_owned_ipv4_pool": "",
              "enable_dns64": false,
              "enable_lni_at_device_index": 0,
              "enable_resource_name_dns_a_record_on_launch": false,
              "enable_resource_name_dns_aaaa_record_on_launch": false,
              "id": "subnet-08b63c66f756981d3",
              "ipv6_cidr_block": "",
              "ipv6_cidr_block_association_id": "",
              "ipv6_native": false,
              "map_customer_owned_ip_on_launch": false,
              "map_public_ip_on_launch": false,
              "outpost_arn": "",
              "owner_id": "381492154999",
              "private_dns_hostname_type_on_launch": "ip-name",
              "tags": {
                "Name": "mk-WAS-sub2"
              },
              "tags_all": {
                "Name": "mk-WAS-sub2"
              },
              "timeouts": null,
              "vpc_id": "vpc-0b73f3354cab1e45e"
            },
            "sensitive_attributes": [],
            "private": "eyJlMmJmYjczMC1lY2FhLTExZTYtOGY4OC0zNDM2M2JjN2M0YzAiOnsiY3JlYXRlIjo2MDAwMDAwMDAwMDAsImRlbGV0ZSI6MTIwMDAwMDAwMDAwMH0sInNjaGVtYV92ZXJzaW9uIjoiMSJ9",
            "dependencies": [
              "aws_vpc.vpc"
            ]
          }
        ]
      },
      {
        "mode": "managed",
        "type": "aws_subnet",
        "name": "web-sub1",
        "provider": "provider[\"registry.terraform.io/hashicorp/aws\"]",
        "instances": [
          {
            "schema_version": 1,
            "attributes": {
              "arn": "arn:aws:ec2:ap-northeast-1:381492154999:subnet/subnet-075fa02d201b1e9f4",
              "assign_ipv6_address_on_creation": false,
              "availability_zone": "ap-northeast-1a",
              "availability_zone_id": "apne1-az4",
              "cidr_block": "10.0.4.0/22",
              "customer_owned_ipv4_pool": "",
              "enable_dns64": false,
              "enable_lni_at_device_index": 0,
              "enable_resource_name_dns_a_record_on_launch": false,
              "enable_resource_name_dns_aaaa_record_on_launch": false,
              "id": "subnet-075fa02d201b1e9f4",
              "ipv6_cidr_block": "",
              "ipv6_cidr_block_association_id": "",
              "ipv6_native": false,
              "map_customer_owned_ip_on_launch": false,
              "map_public_ip_on_launch": false,
              "outpost_arn": "",
              "owner_id": "381492154999",
              "private_dns_hostname_type_on_launch": "ip-name",
              "tags": {
                "Name": "mk-Web-sub1"
              },
              "tags_all": {
                "Name": "mk-Web-sub1"
              },
              "timeouts": null,
              "vpc_id": "vpc-0b73f3354cab1e45e"
            },
            "sensitive_attributes": [],
            "private": "eyJlMmJmYjczMC1lY2FhLTExZTYtOGY4OC0zNDM2M2JjN2M0YzAiOnsiY3JlYXRlIjo2MDAwMDAwMDAwMDAsImRlbGV0ZSI6MTIwMDAwMDAwMDAwMH0sInNjaGVtYV92ZXJzaW9uIjoiMSJ9",
            "dependencies": [
              "aws_vpc.vpc"
            ]
          }
        ]
      },
      {
        "mode": "managed",
        "type": "aws_subnet",
        "name": "web-sub2",
        "provider": "provider[\"registry.terraform.io/hashicorp/aws\"]",
        "instances": [
          {
            "schema_version": 1,
            "attributes": {
              "arn": "arn:aws:ec2:ap-northeast-1:381492154999:subnet/subnet-048772721a3a085d8",
              "assign_ipv6_address_on_creation": false,
              "availability_zone": "ap-northeast-1c",
              "availability_zone_id": "apne1-az1",
              "cidr_block": "10.0.8.0/22",
              "customer_owned_ipv4_pool": "",
              "enable_dns64": false,
              "enable_lni_at_device_index": 0,
              "enable_resource_name_dns_a_record_on_launch": false,
              "enable_resource_name_dns_aaaa_record_on_launch": false,
              "id": "subnet-048772721a3a085d8",
              "ipv6_cidr_block": "",
              "ipv6_cidr_block_association_id": "",
              "ipv6_native": false,
              "map_customer_owned_ip_on_launch": false,
              "map_public_ip_on_launch": false,
              "outpost_arn": "",
              "owner_id": "381492154999",
              "private_dns_hostname_type_on_launch": "ip-name",
              "tags": {
                "Name": "mk-Web-sub2"
              },
              "tags_all": {
                "Name": "mk-Web-sub2"
              },
              "timeouts": null,
              "vpc_id": "vpc-0b73f3354cab1e45e"
            },
            "sensitive_attributes": [],
            "private": "eyJlMmJmYjczMC1lY2FhLTExZTYtOGY4OC0zNDM2M2JjN2M0YzAiOnsiY3JlYXRlIjo2MDAwMDAwMDAwMDAsImRlbGV0ZSI6MTIwMDAwMDAwMDAwMH0sInNjaGVtYV92ZXJzaW9uIjoiMSJ9",
            "dependencies": [
              "aws_vpc.vpc"
            ]
          }
        ]
      },
      {
        "mode": "managed",
        "type": "aws_vpc",
        "name": "vpc",
        "provider": "provider[\"registry.terraform.io/hashicorp/aws\"]",
        "instances": [
          {
            "schema_version": 1,
            "attributes": {
              "arn": "arn:aws:ec2:ap-northeast-1:381492154999:vpc/vpc-0b73f3354cab1e45e",
              "assign_generated_ipv6_cidr_block": false,
              "cidr_block": "10.0.0.0/16",
              "default_network_acl_id": "acl-08ba6c68224381043",
              "default_route_table_id": "rtb-046a531d0e74c1a01",
              "default_security_group_id": "sg-0650d64c6639a207c",
              "dhcp_options_id": "dopt-033c19dc381bd83be",
              "enable_dns_hostnames": true,
              "enable_dns_support": true,
              "enable_network_address_usage_metrics": false,
              "id": "vpc-0b73f3354cab1e45e",
              "instance_tenancy": "default",
              "ipv4_ipam_pool_id": null,
              "ipv4_netmask_length": null,
              "ipv6_association_id": "",
              "ipv6_cidr_block": "",
              "ipv6_cidr_block_network_border_group": "",
              "ipv6_ipam_pool_id": "",
              "ipv6_netmask_length": 0,
              "main_route_table_id": "rtb-046a531d0e74c1a01",
              "owner_id": "381492154999",
              "tags": {
                "Name": "mk-vpc"
              },
              "tags_all": {
                "Name": "mk-vpc"
              }
            },
            "sensitive_attributes": [],
            "private": "eyJzY2hlbWFfdmVyc2lvbiI6IjEifQ=="
          }
        ]
      }
    ],
    "check_results": null
  }
  